// !$*UTF8*$!
{
	archiveVersion = 1;
	classes = {
	};
	objectVersion = 46;
	objects = {

/* Begin PBXBuildFile section */
		4ACF59530723B96CA28308BF /* Pods_GitHubKit_Example.framework in Frameworks */ = {isa = PBXBuildFile; fileRef = 979259AB40175D59B993514B /* Pods_GitHubKit_Example.framework */; };
		607FACD61AFB9204008FA782 /* AppDelegate.swift in Sources */ = {isa = PBXBuildFile; fileRef = 607FACD51AFB9204008FA782 /* AppDelegate.swift */; };
		607FACD81AFB9204008FA782 /* ViewController.swift in Sources */ = {isa = PBXBuildFile; fileRef = 607FACD71AFB9204008FA782 /* ViewController.swift */; };
		607FACDB1AFB9204008FA782 /* Main.storyboard in Resources */ = {isa = PBXBuildFile; fileRef = 607FACD91AFB9204008FA782 /* Main.storyboard */; };
		607FACDD1AFB9204008FA782 /* Images.xcassets in Resources */ = {isa = PBXBuildFile; fileRef = 607FACDC1AFB9204008FA782 /* Images.xcassets */; };
		607FACE01AFB9204008FA782 /* LaunchScreen.xib in Resources */ = {isa = PBXBuildFile; fileRef = 607FACDE1AFB9204008FA782 /* LaunchScreen.xib */; };
		61837A86A63B9248D8A34F61 /* Pods_GitHubKit_Tests.framework in Frameworks */ = {isa = PBXBuildFile; fileRef = 45927C2CC163E0D5ADC054C3 /* Pods_GitHubKit_Tests.framework */; };
		F40AB9D7215536E700DC8DA4 /* explore_topic.txt in Resources */ = {isa = PBXBuildFile; fileRef = F40AB9B4215536DE00DC8DA4 /* explore_topic.txt */; };
		F40AB9D8215536E700DC8DA4 /* explore_collection.txt in Resources */ = {isa = PBXBuildFile; fileRef = F40AB9B5215536DE00DC8DA4 /* explore_collection.txt */; };
		F40AB9D9215536F200DC8DA4 /* search_repositories_0.txt in Resources */ = {isa = PBXBuildFile; fileRef = F40AB995215536DE00DC8DA4 /* search_repositories_0.txt */; };
		F40AB9DA215536F200DC8DA4 /* search_repositories_1.txt in Resources */ = {isa = PBXBuildFile; fileRef = F40AB996215536DE00DC8DA4 /* search_repositories_1.txt */; };
		F40AB9DB215536F200DC8DA4 /* authorize.txt in Resources */ = {isa = PBXBuildFile; fileRef = F40AB997215536DE00DC8DA4 /* authorize.txt */; };
		F40AB9DC215536F200DC8DA4 /* search_repositories_3.txt in Resources */ = {isa = PBXBuildFile; fileRef = F40AB998215536DE00DC8DA4 /* search_repositories_3.txt */; };
		F40AB9DD215536F200DC8DA4 /* repositoryContributors.txt in Resources */ = {isa = PBXBuildFile; fileRef = F40AB999215536DE00DC8DA4 /* repositoryContributors.txt */; };
		F40AB9DE215536F200DC8DA4 /* developer-trending.txt in Resources */ = {isa = PBXBuildFile; fileRef = F40AB99A215536DE00DC8DA4 /* developer-trending.txt */; };
		F40AB9DF215536F200DC8DA4 /* search_repositories_2.txt in Resources */ = {isa = PBXBuildFile; fileRef = F40AB99B215536DE00DC8DA4 /* search_repositories_2.txt */; };
		F40AB9E0215536F200DC8DA4 /* unfollow.txt in Resources */ = {isa = PBXBuildFile; fileRef = F40AB99C215536DE00DC8DA4 /* unfollow.txt */; };
		F40AB9E1215536F200DC8DA4 /* followers.txt in Resources */ = {isa = PBXBuildFile; fileRef = F40AB99D215536DE00DC8DA4 /* followers.txt */; };
		F40AB9E2215536F200DC8DA4 /* isFollowing.txt in Resources */ = {isa = PBXBuildFile; fileRef = F40AB99E215536DE00DC8DA4 /* isFollowing.txt */; };
		F40AB9E3215536F200DC8DA4 /* organizationRepositories.txt in Resources */ = {isa = PBXBuildFile; fileRef = F40AB99F215536DE00DC8DA4 /* organizationRepositories.txt */; };
		F40AB9E4215536F200DC8DA4 /* myProfile.txt in Resources */ = {isa = PBXBuildFile; fileRef = F40AB9A0215536DE00DC8DA4 /* myProfile.txt */; };
		F40AB9E5215536F200DC8DA4 /* authorizations.txt in Resources */ = {isa = PBXBuildFile; fileRef = F40AB9A1215536DE00DC8DA4 /* authorizations.txt */; };
		F40AB9E6215536F200DC8DA4 /* commit.txt in Resources */ = {isa = PBXBuildFile; fileRef = F40AB9A2215536DE00DC8DA4 /* commit.txt */; };
		F40AB9E7215536F200DC8DA4 /* reference.txt in Resources */ = {isa = PBXBuildFile; fileRef = F40AB9A3215536DE00DC8DA4 /* reference.txt */; };
		F40AB9E8215536F200DC8DA4 /* repositoryLanguages.txt in Resources */ = {isa = PBXBuildFile; fileRef = F40AB9A4215536DE00DC8DA4 /* repositoryLanguages.txt */; };
		F40AB9E9215536F200DC8DA4 /* myRepositories.txt in Resources */ = {isa = PBXBuildFile; fileRef = F40AB9A5215536DE00DC8DA4 /* myRepositories.txt */; };
		F40AB9EA215536F200DC8DA4 /* grants.txt in Resources */ = {isa = PBXBuildFile; fileRef = F40AB9A6215536DE00DC8DA4 /* grants.txt */; };
		F40AB9EB215536F200DC8DA4 /* repository-trending.txt in Resources */ = {isa = PBXBuildFile; fileRef = F40AB9A7215536DE00DC8DA4 /* repository-trending.txt */; };
		F40AB9EC215536F200DC8DA4 /* deleteGrant.txt in Resources */ = {isa = PBXBuildFile; fileRef = F40AB9A8215536DE00DC8DA4 /* deleteGrant.txt */; };
		F40AB9ED215536F200DC8DA4 /* deleteAuthorization.txt in Resources */ = {isa = PBXBuildFile; fileRef = F40AB9A9215536DE00DC8DA4 /* deleteAuthorization.txt */; };
		F40AB9EE215536F200DC8DA4 /* follow.txt in Resources */ = {isa = PBXBuildFile; fileRef = F40AB9AA215536DE00DC8DA4 /* follow.txt */; };
		F40AB9EF215536F200DC8DA4 /* repositoryTopics.txt in Resources */ = {isa = PBXBuildFile; fileRef = F40AB9AB215536DE00DC8DA4 /* repositoryTopics.txt */; };
		F40AB9F0215536F200DC8DA4 /* rateLimit.txt in Resources */ = {isa = PBXBuildFile; fileRef = F40AB9AC215536DE00DC8DA4 /* rateLimit.txt */; };
		F40AB9F1215536F200DC8DA4 /* zen.txt in Resources */ = {isa = PBXBuildFile; fileRef = F40AB9AD215536DE00DC8DA4 /* zen.txt */; };
		F40AB9F2215536F200DC8DA4 /* repository.txt in Resources */ = {isa = PBXBuildFile; fileRef = F40AB9AE215536DE00DC8DA4 /* repository.txt */; };
		F40AB9F3215536F200DC8DA4 /* repositories.txt in Resources */ = {isa = PBXBuildFile; fileRef = F40AB9AF215536DE00DC8DA4 /* repositories.txt */; };
		F40AB9F4215536F200DC8DA4 /* repositoryTags.txt in Resources */ = {isa = PBXBuildFile; fileRef = F40AB9B0215536DE00DC8DA4 /* repositoryTags.txt */; };
		F40AB9F5215536F200DC8DA4 /* blob.txt in Resources */ = {isa = PBXBuildFile; fileRef = F40AB9B1215536DE00DC8DA4 /* blob.txt */; };
		F40AB9F6215536F200DC8DA4 /* tree.txt in Resources */ = {isa = PBXBuildFile; fileRef = F40AB9B2215536DE00DC8DA4 /* tree.txt */; };
		F40AB9F7215536F200DC8DA4 /* profile.txt in Resources */ = {isa = PBXBuildFile; fileRef = F40AB9B3215536DE00DC8DA4 /* profile.txt */; };
		F40ABA002155371900DC8DA4 /* AuthorizationSpec.swift in Sources */ = {isa = PBXBuildFile; fileRef = F40AB9F92155371900DC8DA4 /* AuthorizationSpec.swift */; };
		F40ABA012155371900DC8DA4 /* MiscSpec.swift in Sources */ = {isa = PBXBuildFile; fileRef = F40AB9FA2155371900DC8DA4 /* MiscSpec.swift */; };
		F40ABA022155371900DC8DA4 /* Config.swift in Sources */ = {isa = PBXBuildFile; fileRef = F40AB9FB2155371900DC8DA4 /* Config.swift */; };
		F40ABA032155371900DC8DA4 /* SearchSpec.swift in Sources */ = {isa = PBXBuildFile; fileRef = F40AB9FC2155371900DC8DA4 /* SearchSpec.swift */; };
		F40ABA042155371900DC8DA4 /* GitDataSpec.swift in Sources */ = {isa = PBXBuildFile; fileRef = F40AB9FD2155371900DC8DA4 /* GitDataSpec.swift */; };
		F40ABA052155371900DC8DA4 /* UserSpec.swift in Sources */ = {isa = PBXBuildFile; fileRef = F40AB9FE2155371900DC8DA4 /* UserSpec.swift */; };
		F40ABA062155371900DC8DA4 /* RepositorySpec.swift in Sources */ = {isa = PBXBuildFile; fileRef = F40AB9FF2155371900DC8DA4 /* RepositorySpec.swift */; };
		F40ABA0A2155372B00DC8DA4 /* NetworkStubbing.swift in Sources */ = {isa = PBXBuildFile; fileRef = F40ABA082155372B00DC8DA4 /* NetworkStubbing.swift */; };
		F40ABA0B2155372B00DC8DA4 /* OHHTTPStubsExtension.swift in Sources */ = {isa = PBXBuildFile; fileRef = F40ABA092155372B00DC8DA4 /* OHHTTPStubsExtension.swift */; };
		F40ABA0D2155374200DC8DA4 /* GitHubExploreSpec.swift in Sources */ = {isa = PBXBuildFile; fileRef = F40ABA0C2155374200DC8DA4 /* GitHubExploreSpec.swift */; };
		F40ABA0F2155374900DC8DA4 /* GitHubTrendingSpec.swift in Sources */ = {isa = PBXBuildFile; fileRef = F40ABA0E2155374900DC8DA4 /* GitHubTrendingSpec.swift */; };
		F40ABA112155375000DC8DA4 /* ModelSpec.swift in Sources */ = {isa = PBXBuildFile; fileRef = F40ABA102155375000DC8DA4 /* ModelSpec.swift */; };
		F42A12A12158901200EBB9A8 /* GitHubLanguageSpec.swift in Sources */ = {isa = PBXBuildFile; fileRef = F42A12A02158901200EBB9A8 /* GitHubLanguageSpec.swift */; };
		F42A12A42158934000EBB9A8 /* github-languages.txt in Resources */ = {isa = PBXBuildFile; fileRef = F42A12A22158913000EBB9A8 /* github-languages.txt */; };
/* End PBXBuildFile section */

/* Begin PBXContainerItemProxy section */
		F40AB98C2155341C00DC8DA4 /* PBXContainerItemProxy */ = {
			isa = PBXContainerItemProxy;
			containerPortal = 607FACC81AFB9204008FA782 /* Project object */;
			proxyType = 1;
			remoteGlobalIDString = 607FACCF1AFB9204008FA782;
			remoteInfo = GitHubKit_Example;
		};
/* End PBXContainerItemProxy section */

/* Begin PBXFileReference section */
		0318AAC0DF06F89D2A55C3FC /* Pods-GitHubKit_Tests.debug.xcconfig */ = {isa = PBXFileReference; includeInIndex = 1; lastKnownFileType = text.xcconfig; name = "Pods-GitHubKit_Tests.debug.xcconfig"; path = "Pods/Target Support Files/Pods-GitHubKit_Tests/Pods-GitHubKit_Tests.debug.xcconfig"; sourceTree = "<group>"; };
		45927C2CC163E0D5ADC054C3 /* Pods_GitHubKit_Tests.framework */ = {isa = PBXFileReference; explicitFileType = wrapper.framework; includeInIndex = 0; path = Pods_GitHubKit_Tests.framework; sourceTree = BUILT_PRODUCTS_DIR; };
		5C913FA326BA21620B07E38C /* LICENSE */ = {isa = PBXFileReference; includeInIndex = 1; lastKnownFileType = text; name = LICENSE; path = ../LICENSE; sourceTree = "<group>"; };
		607FACD01AFB9204008FA782 /* GitHubKit_Example.app */ = {isa = PBXFileReference; explicitFileType = wrapper.application; includeInIndex = 0; path = GitHubKit_Example.app; sourceTree = BUILT_PRODUCTS_DIR; };
		607FACD41AFB9204008FA782 /* Info.plist */ = {isa = PBXFileReference; lastKnownFileType = text.plist.xml; path = Info.plist; sourceTree = "<group>"; };
		607FACD51AFB9204008FA782 /* AppDelegate.swift */ = {isa = PBXFileReference; lastKnownFileType = sourcecode.swift; path = AppDelegate.swift; sourceTree = "<group>"; };
		607FACD71AFB9204008FA782 /* ViewController.swift */ = {isa = PBXFileReference; lastKnownFileType = sourcecode.swift; path = ViewController.swift; sourceTree = "<group>"; };
		607FACDA1AFB9204008FA782 /* Base */ = {isa = PBXFileReference; lastKnownFileType = file.storyboard; name = Base; path = Base.lproj/Main.storyboard; sourceTree = "<group>"; };
		607FACDC1AFB9204008FA782 /* Images.xcassets */ = {isa = PBXFileReference; lastKnownFileType = folder.assetcatalog; path = Images.xcassets; sourceTree = "<group>"; };
		607FACDF1AFB9204008FA782 /* Base */ = {isa = PBXFileReference; lastKnownFileType = file.xib; name = Base; path = Base.lproj/LaunchScreen.xib; sourceTree = "<group>"; };
		745F665264BBA1E8817EC61A /* GitHubKit.podspec */ = {isa = PBXFileReference; includeInIndex = 1; lastKnownFileType = text; name = GitHubKit.podspec; path = ../GitHubKit.podspec; sourceTree = "<group>"; xcLanguageSpecificationIdentifier = xcode.lang.ruby; };
		979259AB40175D59B993514B /* Pods_GitHubKit_Example.framework */ = {isa = PBXFileReference; explicitFileType = wrapper.framework; includeInIndex = 0; path = Pods_GitHubKit_Example.framework; sourceTree = BUILT_PRODUCTS_DIR; };
		9E2F7B69189A15DB4C1C1A7E /* README.md */ = {isa = PBXFileReference; includeInIndex = 1; lastKnownFileType = net.daringfireball.markdown; name = README.md; path = ../README.md; sourceTree = "<group>"; };
		A8D0E12497DD0FD36DC6F0B9 /* Pods-GitHubKit_Tests.release.xcconfig */ = {isa = PBXFileReference; includeInIndex = 1; lastKnownFileType = text.xcconfig; name = "Pods-GitHubKit_Tests.release.xcconfig"; path = "Pods/Target Support Files/Pods-GitHubKit_Tests/Pods-GitHubKit_Tests.release.xcconfig"; sourceTree = "<group>"; };
		C659CBA66F0717FB10087F61 /* Pods-GitHubKit_Example.debug.xcconfig */ = {isa = PBXFileReference; includeInIndex = 1; lastKnownFileType = text.xcconfig; name = "Pods-GitHubKit_Example.debug.xcconfig"; path = "Pods/Target Support Files/Pods-GitHubKit_Example/Pods-GitHubKit_Example.debug.xcconfig"; sourceTree = "<group>"; };
		DF6BA7A8B419A3B7DA274CEE /* Pods-GitHubKit_Example.release.xcconfig */ = {isa = PBXFileReference; includeInIndex = 1; lastKnownFileType = text.xcconfig; name = "Pods-GitHubKit_Example.release.xcconfig"; path = "Pods/Target Support Files/Pods-GitHubKit_Example/Pods-GitHubKit_Example.release.xcconfig"; sourceTree = "<group>"; };
		F40AB9872155341C00DC8DA4 /* GitHubKit_Tests.xctest */ = {isa = PBXFileReference; explicitFileType = wrapper.cfbundle; includeInIndex = 0; path = GitHubKit_Tests.xctest; sourceTree = BUILT_PRODUCTS_DIR; };
		F40AB98B2155341C00DC8DA4 /* Info.plist */ = {isa = PBXFileReference; lastKnownFileType = text.plist.xml; path = Info.plist; sourceTree = "<group>"; };
		F40AB995215536DE00DC8DA4 /* search_repositories_0.txt */ = {isa = PBXFileReference; fileEncoding = 4; lastKnownFileType = text; path = search_repositories_0.txt; sourceTree = "<group>"; };
		F40AB996215536DE00DC8DA4 /* search_repositories_1.txt */ = {isa = PBXFileReference; fileEncoding = 4; lastKnownFileType = text; path = search_repositories_1.txt; sourceTree = "<group>"; };
		F40AB997215536DE00DC8DA4 /* authorize.txt */ = {isa = PBXFileReference; fileEncoding = 4; lastKnownFileType = text; path = authorize.txt; sourceTree = "<group>"; };
		F40AB998215536DE00DC8DA4 /* search_repositories_3.txt */ = {isa = PBXFileReference; fileEncoding = 4; lastKnownFileType = text; path = search_repositories_3.txt; sourceTree = "<group>"; };
		F40AB999215536DE00DC8DA4 /* repositoryContributors.txt */ = {isa = PBXFileReference; fileEncoding = 4; lastKnownFileType = text; path = repositoryContributors.txt; sourceTree = "<group>"; };
		F40AB99A215536DE00DC8DA4 /* developer-trending.txt */ = {isa = PBXFileReference; fileEncoding = 4; lastKnownFileType = text; path = "developer-trending.txt"; sourceTree = "<group>"; };
		F40AB99B215536DE00DC8DA4 /* search_repositories_2.txt */ = {isa = PBXFileReference; fileEncoding = 4; lastKnownFileType = text; path = search_repositories_2.txt; sourceTree = "<group>"; };
		F40AB99C215536DE00DC8DA4 /* unfollow.txt */ = {isa = PBXFileReference; fileEncoding = 4; lastKnownFileType = text; path = unfollow.txt; sourceTree = "<group>"; };
		F40AB99D215536DE00DC8DA4 /* followers.txt */ = {isa = PBXFileReference; fileEncoding = 4; lastKnownFileType = text; path = followers.txt; sourceTree = "<group>"; };
		F40AB99E215536DE00DC8DA4 /* isFollowing.txt */ = {isa = PBXFileReference; fileEncoding = 4; lastKnownFileType = text; path = isFollowing.txt; sourceTree = "<group>"; };
		F40AB99F215536DE00DC8DA4 /* organizationRepositories.txt */ = {isa = PBXFileReference; fileEncoding = 4; lastKnownFileType = text; path = organizationRepositories.txt; sourceTree = "<group>"; };
		F40AB9A0215536DE00DC8DA4 /* myProfile.txt */ = {isa = PBXFileReference; fileEncoding = 4; lastKnownFileType = text; path = myProfile.txt; sourceTree = "<group>"; };
		F40AB9A1215536DE00DC8DA4 /* authorizations.txt */ = {isa = PBXFileReference; fileEncoding = 4; lastKnownFileType = text; path = authorizations.txt; sourceTree = "<group>"; };
		F40AB9A2215536DE00DC8DA4 /* commit.txt */ = {isa = PBXFileReference; fileEncoding = 4; lastKnownFileType = text; path = commit.txt; sourceTree = "<group>"; };
		F40AB9A3215536DE00DC8DA4 /* reference.txt */ = {isa = PBXFileReference; fileEncoding = 4; lastKnownFileType = text; path = reference.txt; sourceTree = "<group>"; };
		F40AB9A4215536DE00DC8DA4 /* repositoryLanguages.txt */ = {isa = PBXFileReference; fileEncoding = 4; lastKnownFileType = text; path = repositoryLanguages.txt; sourceTree = "<group>"; };
		F40AB9A5215536DE00DC8DA4 /* myRepositories.txt */ = {isa = PBXFileReference; fileEncoding = 4; lastKnownFileType = text; path = myRepositories.txt; sourceTree = "<group>"; };
		F40AB9A6215536DE00DC8DA4 /* grants.txt */ = {isa = PBXFileReference; fileEncoding = 4; lastKnownFileType = text; path = grants.txt; sourceTree = "<group>"; };
		F40AB9A7215536DE00DC8DA4 /* repository-trending.txt */ = {isa = PBXFileReference; fileEncoding = 4; lastKnownFileType = text; path = "repository-trending.txt"; sourceTree = "<group>"; };
		F40AB9A8215536DE00DC8DA4 /* deleteGrant.txt */ = {isa = PBXFileReference; fileEncoding = 4; lastKnownFileType = text; path = deleteGrant.txt; sourceTree = "<group>"; };
		F40AB9A9215536DE00DC8DA4 /* deleteAuthorization.txt */ = {isa = PBXFileReference; fileEncoding = 4; lastKnownFileType = text; path = deleteAuthorization.txt; sourceTree = "<group>"; };
		F40AB9AA215536DE00DC8DA4 /* follow.txt */ = {isa = PBXFileReference; fileEncoding = 4; lastKnownFileType = text; path = follow.txt; sourceTree = "<group>"; };
		F40AB9AB215536DE00DC8DA4 /* repositoryTopics.txt */ = {isa = PBXFileReference; fileEncoding = 4; lastKnownFileType = text; path = repositoryTopics.txt; sourceTree = "<group>"; };
		F40AB9AC215536DE00DC8DA4 /* rateLimit.txt */ = {isa = PBXFileReference; fileEncoding = 4; lastKnownFileType = text; path = rateLimit.txt; sourceTree = "<group>"; };
		F40AB9AD215536DE00DC8DA4 /* zen.txt */ = {isa = PBXFileReference; fileEncoding = 4; lastKnownFileType = text; path = zen.txt; sourceTree = "<group>"; };
		F40AB9AE215536DE00DC8DA4 /* repository.txt */ = {isa = PBXFileReference; fileEncoding = 4; lastKnownFileType = text; path = repository.txt; sourceTree = "<group>"; };
		F40AB9AF215536DE00DC8DA4 /* repositories.txt */ = {isa = PBXFileReference; fileEncoding = 4; lastKnownFileType = text; path = repositories.txt; sourceTree = "<group>"; };
		F40AB9B0215536DE00DC8DA4 /* repositoryTags.txt */ = {isa = PBXFileReference; fileEncoding = 4; lastKnownFileType = text; path = repositoryTags.txt; sourceTree = "<group>"; };
		F40AB9B1215536DE00DC8DA4 /* blob.txt */ = {isa = PBXFileReference; fileEncoding = 4; lastKnownFileType = text; path = blob.txt; sourceTree = "<group>"; };
		F40AB9B2215536DE00DC8DA4 /* tree.txt */ = {isa = PBXFileReference; fileEncoding = 4; lastKnownFileType = text; path = tree.txt; sourceTree = "<group>"; };
		F40AB9B3215536DE00DC8DA4 /* profile.txt */ = {isa = PBXFileReference; fileEncoding = 4; lastKnownFileType = text; path = profile.txt; sourceTree = "<group>"; };
		F40AB9B4215536DE00DC8DA4 /* explore_topic.txt */ = {isa = PBXFileReference; fileEncoding = 4; lastKnownFileType = text; path = explore_topic.txt; sourceTree = "<group>"; };
		F40AB9B5215536DE00DC8DA4 /* explore_collection.txt */ = {isa = PBXFileReference; fileEncoding = 4; lastKnownFileType = text; path = explore_collection.txt; sourceTree = "<group>"; };
		F40AB9F92155371900DC8DA4 /* AuthorizationSpec.swift */ = {isa = PBXFileReference; fileEncoding = 4; lastKnownFileType = sourcecode.swift; path = AuthorizationSpec.swift; sourceTree = "<group>"; };
		F40AB9FA2155371900DC8DA4 /* MiscSpec.swift */ = {isa = PBXFileReference; fileEncoding = 4; lastKnownFileType = sourcecode.swift; path = MiscSpec.swift; sourceTree = "<group>"; };
		F40AB9FB2155371900DC8DA4 /* Config.swift */ = {isa = PBXFileReference; fileEncoding = 4; lastKnownFileType = sourcecode.swift; path = Config.swift; sourceTree = "<group>"; };
		F40AB9FC2155371900DC8DA4 /* SearchSpec.swift */ = {isa = PBXFileReference; fileEncoding = 4; lastKnownFileType = sourcecode.swift; path = SearchSpec.swift; sourceTree = "<group>"; };
		F40AB9FD2155371900DC8DA4 /* GitDataSpec.swift */ = {isa = PBXFileReference; fileEncoding = 4; lastKnownFileType = sourcecode.swift; path = GitDataSpec.swift; sourceTree = "<group>"; };
		F40AB9FE2155371900DC8DA4 /* UserSpec.swift */ = {isa = PBXFileReference; fileEncoding = 4; lastKnownFileType = sourcecode.swift; path = UserSpec.swift; sourceTree = "<group>"; };
		F40AB9FF2155371900DC8DA4 /* RepositorySpec.swift */ = {isa = PBXFileReference; fileEncoding = 4; lastKnownFileType = sourcecode.swift; path = RepositorySpec.swift; sourceTree = "<group>"; };
		F40ABA082155372B00DC8DA4 /* NetworkStubbing.swift */ = {isa = PBXFileReference; fileEncoding = 4; lastKnownFileType = sourcecode.swift; path = NetworkStubbing.swift; sourceTree = "<group>"; };
		F40ABA092155372B00DC8DA4 /* OHHTTPStubsExtension.swift */ = {isa = PBXFileReference; fileEncoding = 4; lastKnownFileType = sourcecode.swift; path = OHHTTPStubsExtension.swift; sourceTree = "<group>"; };
		F40ABA0C2155374200DC8DA4 /* GitHubExploreSpec.swift */ = {isa = PBXFileReference; fileEncoding = 4; lastKnownFileType = sourcecode.swift; path = GitHubExploreSpec.swift; sourceTree = "<group>"; };
		F40ABA0E2155374900DC8DA4 /* GitHubTrendingSpec.swift */ = {isa = PBXFileReference; fileEncoding = 4; lastKnownFileType = sourcecode.swift; path = GitHubTrendingSpec.swift; sourceTree = "<group>"; };
		F40ABA102155375000DC8DA4 /* ModelSpec.swift */ = {isa = PBXFileReference; fileEncoding = 4; lastKnownFileType = sourcecode.swift; path = ModelSpec.swift; sourceTree = "<group>"; };
		F42A12A02158901200EBB9A8 /* GitHubLanguageSpec.swift */ = {isa = PBXFileReference; fileEncoding = 4; lastKnownFileType = sourcecode.swift; path = GitHubLanguageSpec.swift; sourceTree = "<group>"; };
		F42A12A22158913000EBB9A8 /* github-languages.txt */ = {isa = PBXFileReference; fileEncoding = 4; lastKnownFileType = text; path = "github-languages.txt"; sourceTree = "<group>"; };
/* End PBXFileReference section */

/* Begin PBXFrameworksBuildPhase section */
		607FACCD1AFB9204008FA782 /* Frameworks */ = {
			isa = PBXFrameworksBuildPhase;
			buildActionMask = 2147483647;
			files = (
				4ACF59530723B96CA28308BF /* Pods_GitHubKit_Example.framework in Frameworks */,
			);
			runOnlyForDeploymentPostprocessing = 0;
		};
		F40AB9842155341C00DC8DA4 /* Frameworks */ = {
			isa = PBXFrameworksBuildPhase;
			buildActionMask = 2147483647;
			files = (
				61837A86A63B9248D8A34F61 /* Pods_GitHubKit_Tests.framework in Frameworks */,
			);
			runOnlyForDeploymentPostprocessing = 0;
		};
/* End PBXFrameworksBuildPhase section */

/* Begin PBXGroup section */
		2E41B3703899F48C0AC1152F /* Pods */ = {
			isa = PBXGroup;
			children = (
				C659CBA66F0717FB10087F61 /* Pods-GitHubKit_Example.debug.xcconfig */,
				DF6BA7A8B419A3B7DA274CEE /* Pods-GitHubKit_Example.release.xcconfig */,
				0318AAC0DF06F89D2A55C3FC /* Pods-GitHubKit_Tests.debug.xcconfig */,
				A8D0E12497DD0FD36DC6F0B9 /* Pods-GitHubKit_Tests.release.xcconfig */,
			);
			name = Pods;
			sourceTree = "<group>";
		};
		498D623E0058959AF04C25F1 /* Frameworks */ = {
			isa = PBXGroup;
			children = (
				979259AB40175D59B993514B /* Pods_GitHubKit_Example.framework */,
				45927C2CC163E0D5ADC054C3 /* Pods_GitHubKit_Tests.framework */,
			);
			name = Frameworks;
			sourceTree = "<group>";
		};
		607FACC71AFB9204008FA782 = {
			isa = PBXGroup;
			children = (
				607FACF51AFB993E008FA782 /* Podspec Metadata */,
				607FACD21AFB9204008FA782 /* Example for GitHubKit */,
				F40AB9882155341C00DC8DA4 /* GitHubKit_Tests */,
				607FACD11AFB9204008FA782 /* Products */,
				2E41B3703899F48C0AC1152F /* Pods */,
				498D623E0058959AF04C25F1 /* Frameworks */,
			);
			sourceTree = "<group>";
		};
		607FACD11AFB9204008FA782 /* Products */ = {
			isa = PBXGroup;
			children = (
				607FACD01AFB9204008FA782 /* GitHubKit_Example.app */,
				F40AB9872155341C00DC8DA4 /* GitHubKit_Tests.xctest */,
			);
			name = Products;
			sourceTree = "<group>";
		};
		607FACD21AFB9204008FA782 /* Example for GitHubKit */ = {
			isa = PBXGroup;
			children = (
				607FACD51AFB9204008FA782 /* AppDelegate.swift */,
				607FACD71AFB9204008FA782 /* ViewController.swift */,
				607FACD91AFB9204008FA782 /* Main.storyboard */,
				607FACDC1AFB9204008FA782 /* Images.xcassets */,
				607FACDE1AFB9204008FA782 /* LaunchScreen.xib */,
				607FACD31AFB9204008FA782 /* Supporting Files */,
			);
			name = "Example for GitHubKit";
			path = GitHubKit;
			sourceTree = "<group>";
		};
		607FACD31AFB9204008FA782 /* Supporting Files */ = {
			isa = PBXGroup;
			children = (
				607FACD41AFB9204008FA782 /* Info.plist */,
			);
			name = "Supporting Files";
			sourceTree = "<group>";
		};
		607FACF51AFB993E008FA782 /* Podspec Metadata */ = {
			isa = PBXGroup;
			children = (
				745F665264BBA1E8817EC61A /* GitHubKit.podspec */,
				9E2F7B69189A15DB4C1C1A7E /* README.md */,
				5C913FA326BA21620B07E38C /* LICENSE */,
			);
			name = "Podspec Metadata";
			sourceTree = "<group>";
		};
		F40AB9882155341C00DC8DA4 /* GitHubKit_Tests */ = {
			isa = PBXGroup;
			children = (
				F40AB98B2155341C00DC8DA4 /* Info.plist */,
				F40ABA0C2155374200DC8DA4 /* GitHubExploreSpec.swift */,
				F42A12A02158901200EBB9A8 /* GitHubLanguageSpec.swift */,
				F40ABA0E2155374900DC8DA4 /* GitHubTrendingSpec.swift */,
				F40ABA102155375000DC8DA4 /* ModelSpec.swift */,
				F40AB9F82155371900DC8DA4 /* GitHubServiceSpecs */,
				F40ABA072155372B00DC8DA4 /* NetworkStubbing */,
				F40AB993215536DE00DC8DA4 /* Resources */,
			);
			path = GitHubKit_Tests;
			sourceTree = "<group>";
		};
		F40AB993215536DE00DC8DA4 /* Resources */ = {
			isa = PBXGroup;
			children = (
				F40AB994215536DE00DC8DA4 /* Stubs */,
				F40AB9B4215536DE00DC8DA4 /* explore_topic.txt */,
				F40AB9B5215536DE00DC8DA4 /* explore_collection.txt */,
			);
			path = Resources;
			sourceTree = "<group>";
		};
		F40AB994215536DE00DC8DA4 /* Stubs */ = {
			isa = PBXGroup;
			children = (
				F40AB9A1215536DE00DC8DA4 /* authorizations.txt */,
				F40AB997215536DE00DC8DA4 /* authorize.txt */,
				F40AB9B1215536DE00DC8DA4 /* blob.txt */,
				F40AB9A2215536DE00DC8DA4 /* commit.txt */,
				F40AB9A9215536DE00DC8DA4 /* deleteAuthorization.txt */,
				F40AB9A8215536DE00DC8DA4 /* deleteGrant.txt */,
				F40AB99A215536DE00DC8DA4 /* developer-trending.txt */,
				F40AB9AA215536DE00DC8DA4 /* follow.txt */,
				F40AB99D215536DE00DC8DA4 /* followers.txt */,
				F42A12A22158913000EBB9A8 /* github-languages.txt */,
				F40AB9A6215536DE00DC8DA4 /* grants.txt */,
				F40AB99E215536DE00DC8DA4 /* isFollowing.txt */,
				F40AB9A0215536DE00DC8DA4 /* myProfile.txt */,
				F40AB9A5215536DE00DC8DA4 /* myRepositories.txt */,
				F40AB99F215536DE00DC8DA4 /* organizationRepositories.txt */,
				F40AB9B3215536DE00DC8DA4 /* profile.txt */,
				F40AB9AC215536DE00DC8DA4 /* rateLimit.txt */,
				F40AB9A3215536DE00DC8DA4 /* reference.txt */,
				F40AB9AF215536DE00DC8DA4 /* repositories.txt */,
				F40AB9A7215536DE00DC8DA4 /* repository-trending.txt */,
				F40AB9AE215536DE00DC8DA4 /* repository.txt */,
				F40AB999215536DE00DC8DA4 /* repositoryContributors.txt */,
				F40AB9A4215536DE00DC8DA4 /* repositoryLanguages.txt */,
				F40AB9B0215536DE00DC8DA4 /* repositoryTags.txt */,
				F40AB9AB215536DE00DC8DA4 /* repositoryTopics.txt */,
				F40AB995215536DE00DC8DA4 /* search_repositories_0.txt */,
				F40AB996215536DE00DC8DA4 /* search_repositories_1.txt */,
				F40AB99B215536DE00DC8DA4 /* search_repositories_2.txt */,
				F40AB998215536DE00DC8DA4 /* search_repositories_3.txt */,
				F40AB9B2215536DE00DC8DA4 /* tree.txt */,
				F40AB99C215536DE00DC8DA4 /* unfollow.txt */,
				F40AB9AD215536DE00DC8DA4 /* zen.txt */,
			);
			path = Stubs;
			sourceTree = "<group>";
		};
		F40AB9F82155371900DC8DA4 /* GitHubServiceSpecs */ = {
			isa = PBXGroup;
			children = (
				F40AB9F92155371900DC8DA4 /* AuthorizationSpec.swift */,
				F40AB9FA2155371900DC8DA4 /* MiscSpec.swift */,
				F40AB9FB2155371900DC8DA4 /* Config.swift */,
				F40AB9FC2155371900DC8DA4 /* SearchSpec.swift */,
				F40AB9FD2155371900DC8DA4 /* GitDataSpec.swift */,
				F40AB9FE2155371900DC8DA4 /* UserSpec.swift */,
				F40AB9FF2155371900DC8DA4 /* RepositorySpec.swift */,
			);
			path = GitHubServiceSpecs;
			sourceTree = "<group>";
		};
		F40ABA072155372B00DC8DA4 /* NetworkStubbing */ = {
			isa = PBXGroup;
			children = (
				F40ABA082155372B00DC8DA4 /* NetworkStubbing.swift */,
				F40ABA092155372B00DC8DA4 /* OHHTTPStubsExtension.swift */,
			);
			path = NetworkStubbing;
			sourceTree = "<group>";
		};
/* End PBXGroup section */

/* Begin PBXNativeTarget section */
		607FACCF1AFB9204008FA782 /* GitHubKit_Example */ = {
			isa = PBXNativeTarget;
			buildConfigurationList = 607FACEF1AFB9204008FA782 /* Build configuration list for PBXNativeTarget "GitHubKit_Example" */;
			buildPhases = (
				C9624106D63B78EBD1B22875 /* [CP] Check Pods Manifest.lock */,
				607FACCC1AFB9204008FA782 /* Sources */,
				607FACCD1AFB9204008FA782 /* Frameworks */,
				607FACCE1AFB9204008FA782 /* Resources */,
				F4EE0DB72146423D00CACB2A /* SwiftLint */,
				0C477E0E636AF159A8ADBCDD /* [CP] Embed Pods Frameworks */,
			);
			buildRules = (
			);
			dependencies = (
			);
			name = GitHubKit_Example;
			productName = GitHubKit;
			productReference = 607FACD01AFB9204008FA782 /* GitHubKit_Example.app */;
			productType = "com.apple.product-type.application";
		};
		F40AB9862155341C00DC8DA4 /* GitHubKit_Tests */ = {
			isa = PBXNativeTarget;
			buildConfigurationList = F40AB98E2155341C00DC8DA4 /* Build configuration list for PBXNativeTarget "GitHubKit_Tests" */;
			buildPhases = (
				E8A14E54D136732CE76A983E /* [CP] Check Pods Manifest.lock */,
				F40AB9832155341C00DC8DA4 /* Sources */,
				F40AB9842155341C00DC8DA4 /* Frameworks */,
				F40AB9852155341C00DC8DA4 /* Resources */,
				04D7DA12FA1E6AE352DA1CC0 /* [CP] Embed Pods Frameworks */,
			);
			buildRules = (
			);
			dependencies = (
				F40AB98D2155341C00DC8DA4 /* PBXTargetDependency */,
			);
			name = GitHubKit_Tests;
			productName = GitHubKit_Tests;
			productReference = F40AB9872155341C00DC8DA4 /* GitHubKit_Tests.xctest */;
			productType = "com.apple.product-type.bundle.unit-test";
		};
/* End PBXNativeTarget section */

/* Begin PBXProject section */
		607FACC81AFB9204008FA782 /* Project object */ = {
			isa = PBXProject;
			attributes = {
				LastSwiftUpdateCheck = 0940;
				LastUpgradeCheck = 0940;
				ORGANIZATIONNAME = CocoaPods;
				TargetAttributes = {
					607FACCF1AFB9204008FA782 = {
						CreatedOnToolsVersion = 6.3.1;
						DevelopmentTeam = YSQ5ZCLFSD;
						LastSwiftMigration = 0900;
					};
					F40AB9862155341C00DC8DA4 = {
						CreatedOnToolsVersion = 9.4.1;
						DevelopmentTeam = YSQ5ZCLFSD;
						ProvisioningStyle = Automatic;
						TestTargetID = 607FACCF1AFB9204008FA782;
					};
				};
			};
			buildConfigurationList = 607FACCB1AFB9204008FA782 /* Build configuration list for PBXProject "GitHubKit" */;
			compatibilityVersion = "Xcode 3.2";
			developmentRegion = English;
			hasScannedForEncodings = 0;
			knownRegions = (
				en,
				Base,
			);
			mainGroup = 607FACC71AFB9204008FA782;
			productRefGroup = 607FACD11AFB9204008FA782 /* Products */;
			projectDirPath = "";
			projectRoot = "";
			targets = (
				607FACCF1AFB9204008FA782 /* GitHubKit_Example */,
				F40AB9862155341C00DC8DA4 /* GitHubKit_Tests */,
			);
		};
/* End PBXProject section */

/* Begin PBXResourcesBuildPhase section */
		607FACCE1AFB9204008FA782 /* Resources */ = {
			isa = PBXResourcesBuildPhase;
			buildActionMask = 2147483647;
			files = (
				F40AB9E1215536F200DC8DA4 /* followers.txt in Resources */,
				F40AB9E0215536F200DC8DA4 /* unfollow.txt in Resources */,
				F40AB9D7215536E700DC8DA4 /* explore_topic.txt in Resources */,
				607FACDB1AFB9204008FA782 /* Main.storyboard in Resources */,
				F40AB9E5215536F200DC8DA4 /* authorizations.txt in Resources */,
				F40AB9ED215536F200DC8DA4 /* deleteAuthorization.txt in Resources */,
				F40AB9F3215536F200DC8DA4 /* repositories.txt in Resources */,
				F40AB9E8215536F200DC8DA4 /* repositoryLanguages.txt in Resources */,
				F40AB9D8215536E700DC8DA4 /* explore_collection.txt in Resources */,
				F40AB9DC215536F200DC8DA4 /* search_repositories_3.txt in Resources */,
				F40AB9F7215536F200DC8DA4 /* profile.txt in Resources */,
				F40AB9E4215536F200DC8DA4 /* myProfile.txt in Resources */,
				F40AB9DA215536F200DC8DA4 /* search_repositories_1.txt in Resources */,
				F40AB9EA215536F200DC8DA4 /* grants.txt in Resources */,
				F40AB9F1215536F200DC8DA4 /* zen.txt in Resources */,
				F42A12A42158934000EBB9A8 /* github-languages.txt in Resources */,
				F40AB9EF215536F200DC8DA4 /* repositoryTopics.txt in Resources */,
				F40AB9E6215536F200DC8DA4 /* commit.txt in Resources */,
				F40AB9EC215536F200DC8DA4 /* deleteGrant.txt in Resources */,
				F40AB9F5215536F200DC8DA4 /* blob.txt in Resources */,
				F40AB9E3215536F200DC8DA4 /* organizationRepositories.txt in Resources */,
				F40AB9F4215536F200DC8DA4 /* repositoryTags.txt in Resources */,
				F40AB9F0215536F200DC8DA4 /* rateLimit.txt in Resources */,
				F40AB9EB215536F200DC8DA4 /* repository-trending.txt in Resources */,
				F40AB9D9215536F200DC8DA4 /* search_repositories_0.txt in Resources */,
				607FACE01AFB9204008FA782 /* LaunchScreen.xib in Resources */,
				F40AB9DE215536F200DC8DA4 /* developer-trending.txt in Resources */,
				F40AB9DB215536F200DC8DA4 /* authorize.txt in Resources */,
				F40AB9DF215536F200DC8DA4 /* search_repositories_2.txt in Resources */,
				F40AB9DD215536F200DC8DA4 /* repositoryContributors.txt in Resources */,
				607FACDD1AFB9204008FA782 /* Images.xcassets in Resources */,
				F40AB9E7215536F200DC8DA4 /* reference.txt in Resources */,
				F40AB9EE215536F200DC8DA4 /* follow.txt in Resources */,
				F40AB9F2215536F200DC8DA4 /* repository.txt in Resources */,
				F40AB9E9215536F200DC8DA4 /* myRepositories.txt in Resources */,
				F40AB9E2215536F200DC8DA4 /* isFollowing.txt in Resources */,
				F40AB9F6215536F200DC8DA4 /* tree.txt in Resources */,
			);
			runOnlyForDeploymentPostprocessing = 0;
		};
		F40AB9852155341C00DC8DA4 /* Resources */ = {
			isa = PBXResourcesBuildPhase;
			buildActionMask = 2147483647;
			files = (
			);
			runOnlyForDeploymentPostprocessing = 0;
		};
/* End PBXResourcesBuildPhase section */

/* Begin PBXShellScriptBuildPhase section */
		04D7DA12FA1E6AE352DA1CC0 /* [CP] Embed Pods Frameworks */ = {
			isa = PBXShellScriptBuildPhase;
			buildActionMask = 2147483647;
			files = (
			);
			inputPaths = (
				"${SRCROOT}/Pods/Target Support Files/Pods-GitHubKit_Tests/Pods-GitHubKit_Tests-frameworks.sh",
				"${BUILT_PRODUCTS_DIR}/Alamofire/Alamofire.framework",
				"${BUILT_PRODUCTS_DIR}/CocoaLumberjack/CocoaLumberjack.framework",
				"${BUILT_PRODUCTS_DIR}/GitHubKit/GitHubKit.framework",
				"${BUILT_PRODUCTS_DIR}/JacKit/JacKit.framework",
				"${BUILT_PRODUCTS_DIR}/Kanna/Kanna.framework",
				"${BUILT_PRODUCTS_DIR}/Moya/Moya.framework",
				"${BUILT_PRODUCTS_DIR}/Result/Result.framework",
				"${BUILT_PRODUCTS_DIR}/RxAlamofire/RxAlamofire.framework",
				"${BUILT_PRODUCTS_DIR}/RxCocoa/RxCocoa.framework",
				"${BUILT_PRODUCTS_DIR}/RxSwift/RxSwift.framework",
				"${BUILT_PRODUCTS_DIR}/SSZipArchive/SSZipArchive.framework",
				"${BUILT_PRODUCTS_DIR}/Yams/Yams.framework",
				"${BUILT_PRODUCTS_DIR}/Nimble/Nimble.framework",
				"${BUILT_PRODUCTS_DIR}/OHHTTPStubs/OHHTTPStubs.framework",
				"${BUILT_PRODUCTS_DIR}/Quick/Quick.framework",
				"${BUILT_PRODUCTS_DIR}/RxBlocking/RxBlocking.framework",
				"${BUILT_PRODUCTS_DIR}/RxNimble/RxNimble.framework",
				"${BUILT_PRODUCTS_DIR}/RxTest/RxTest.framework",
			);
			name = "[CP] Embed Pods Frameworks";
			outputPaths = (
				"${TARGET_BUILD_DIR}/${FRAMEWORKS_FOLDER_PATH}/Alamofire.framework",
				"${TARGET_BUILD_DIR}/${FRAMEWORKS_FOLDER_PATH}/CocoaLumberjack.framework",
				"${TARGET_BUILD_DIR}/${FRAMEWORKS_FOLDER_PATH}/GitHubKit.framework",
				"${TARGET_BUILD_DIR}/${FRAMEWORKS_FOLDER_PATH}/JacKit.framework",
				"${TARGET_BUILD_DIR}/${FRAMEWORKS_FOLDER_PATH}/Kanna.framework",
				"${TARGET_BUILD_DIR}/${FRAMEWORKS_FOLDER_PATH}/Moya.framework",
				"${TARGET_BUILD_DIR}/${FRAMEWORKS_FOLDER_PATH}/Result.framework",
				"${TARGET_BUILD_DIR}/${FRAMEWORKS_FOLDER_PATH}/RxAlamofire.framework",
				"${TARGET_BUILD_DIR}/${FRAMEWORKS_FOLDER_PATH}/RxCocoa.framework",
				"${TARGET_BUILD_DIR}/${FRAMEWORKS_FOLDER_PATH}/RxSwift.framework",
				"${TARGET_BUILD_DIR}/${FRAMEWORKS_FOLDER_PATH}/SSZipArchive.framework",
				"${TARGET_BUILD_DIR}/${FRAMEWORKS_FOLDER_PATH}/Yams.framework",
				"${TARGET_BUILD_DIR}/${FRAMEWORKS_FOLDER_PATH}/Nimble.framework",
				"${TARGET_BUILD_DIR}/${FRAMEWORKS_FOLDER_PATH}/OHHTTPStubs.framework",
				"${TARGET_BUILD_DIR}/${FRAMEWORKS_FOLDER_PATH}/Quick.framework",
				"${TARGET_BUILD_DIR}/${FRAMEWORKS_FOLDER_PATH}/RxBlocking.framework",
				"${TARGET_BUILD_DIR}/${FRAMEWORKS_FOLDER_PATH}/RxNimble.framework",
				"${TARGET_BUILD_DIR}/${FRAMEWORKS_FOLDER_PATH}/RxTest.framework",
			);
			runOnlyForDeploymentPostprocessing = 0;
			shellPath = /bin/sh;
			shellScript = "\"${SRCROOT}/Pods/Target Support Files/Pods-GitHubKit_Tests/Pods-GitHubKit_Tests-frameworks.sh\"\n";
			showEnvVarsInLog = 0;
		};
		0C477E0E636AF159A8ADBCDD /* [CP] Embed Pods Frameworks */ = {
			isa = PBXShellScriptBuildPhase;
			buildActionMask = 2147483647;
			files = (
			);
			inputPaths = (
				"${SRCROOT}/Pods/Target Support Files/Pods-GitHubKit_Example/Pods-GitHubKit_Example-frameworks.sh",
				"${BUILT_PRODUCTS_DIR}/Alamofire/Alamofire.framework",
				"${BUILT_PRODUCTS_DIR}/CocoaLumberjack/CocoaLumberjack.framework",
				"${BUILT_PRODUCTS_DIR}/GitHubKit/GitHubKit.framework",
				"${BUILT_PRODUCTS_DIR}/JacKit/JacKit.framework",
				"${BUILT_PRODUCTS_DIR}/Kanna/Kanna.framework",
				"${BUILT_PRODUCTS_DIR}/Moya/Moya.framework",
				"${BUILT_PRODUCTS_DIR}/Result/Result.framework",
				"${BUILT_PRODUCTS_DIR}/RxAlamofire/RxAlamofire.framework",
				"${BUILT_PRODUCTS_DIR}/RxCocoa/RxCocoa.framework",
				"${BUILT_PRODUCTS_DIR}/RxSwift/RxSwift.framework",
				"${BUILT_PRODUCTS_DIR}/SSZipArchive/SSZipArchive.framework",
				"${BUILT_PRODUCTS_DIR}/Yams/Yams.framework",
			);
			name = "[CP] Embed Pods Frameworks";
			outputPaths = (
				"${TARGET_BUILD_DIR}/${FRAMEWORKS_FOLDER_PATH}/Alamofire.framework",
				"${TARGET_BUILD_DIR}/${FRAMEWORKS_FOLDER_PATH}/CocoaLumberjack.framework",
				"${TARGET_BUILD_DIR}/${FRAMEWORKS_FOLDER_PATH}/GitHubKit.framework",
				"${TARGET_BUILD_DIR}/${FRAMEWORKS_FOLDER_PATH}/JacKit.framework",
				"${TARGET_BUILD_DIR}/${FRAMEWORKS_FOLDER_PATH}/Kanna.framework",
				"${TARGET_BUILD_DIR}/${FRAMEWORKS_FOLDER_PATH}/Moya.framework",
				"${TARGET_BUILD_DIR}/${FRAMEWORKS_FOLDER_PATH}/Result.framework",
				"${TARGET_BUILD_DIR}/${FRAMEWORKS_FOLDER_PATH}/RxAlamofire.framework",
				"${TARGET_BUILD_DIR}/${FRAMEWORKS_FOLDER_PATH}/RxCocoa.framework",
				"${TARGET_BUILD_DIR}/${FRAMEWORKS_FOLDER_PATH}/RxSwift.framework",
				"${TARGET_BUILD_DIR}/${FRAMEWORKS_FOLDER_PATH}/SSZipArchive.framework",
				"${TARGET_BUILD_DIR}/${FRAMEWORKS_FOLDER_PATH}/Yams.framework",
			);
			runOnlyForDeploymentPostprocessing = 0;
			shellPath = /bin/sh;
			shellScript = "\"${SRCROOT}/Pods/Target Support Files/Pods-GitHubKit_Example/Pods-GitHubKit_Example-frameworks.sh\"\n";
			showEnvVarsInLog = 0;
		};
		C9624106D63B78EBD1B22875 /* [CP] Check Pods Manifest.lock */ = {
			isa = PBXShellScriptBuildPhase;
			buildActionMask = 2147483647;
			files = (
			);
			inputPaths = (
				"${PODS_PODFILE_DIR_PATH}/Podfile.lock",
				"${PODS_ROOT}/Manifest.lock",
			);
			name = "[CP] Check Pods Manifest.lock";
			outputPaths = (
				"$(DERIVED_FILE_DIR)/Pods-GitHubKit_Example-checkManifestLockResult.txt",
			);
			runOnlyForDeploymentPostprocessing = 0;
			shellPath = /bin/sh;
			shellScript = "diff \"${PODS_PODFILE_DIR_PATH}/Podfile.lock\" \"${PODS_ROOT}/Manifest.lock\" > /dev/null\nif [ $? != 0 ] ; then\n    # print error to STDERR\n    echo \"error: The sandbox is not in sync with the Podfile.lock. Run 'pod install' or update your CocoaPods installation.\" >&2\n    exit 1\nfi\n# This output is used by Xcode 'outputs' to avoid re-running this script phase.\necho \"SUCCESS\" > \"${SCRIPT_OUTPUT_FILE_0}\"\n";
			showEnvVarsInLog = 0;
		};
		E8A14E54D136732CE76A983E /* [CP] Check Pods Manifest.lock */ = {
			isa = PBXShellScriptBuildPhase;
			buildActionMask = 2147483647;
			files = (
			);
			inputPaths = (
				"${PODS_PODFILE_DIR_PATH}/Podfile.lock",
				"${PODS_ROOT}/Manifest.lock",
			);
			name = "[CP] Check Pods Manifest.lock";
			outputPaths = (
				"$(DERIVED_FILE_DIR)/Pods-GitHubKit_Tests-checkManifestLockResult.txt",
			);
			runOnlyForDeploymentPostprocessing = 0;
			shellPath = /bin/sh;
			shellScript = "diff \"${PODS_PODFILE_DIR_PATH}/Podfile.lock\" \"${PODS_ROOT}/Manifest.lock\" > /dev/null\nif [ $? != 0 ] ; then\n    # print error to STDERR\n    echo \"error: The sandbox is not in sync with the Podfile.lock. Run 'pod install' or update your CocoaPods installation.\" >&2\n    exit 1\nfi\n# This output is used by Xcode 'outputs' to avoid re-running this script phase.\necho \"SUCCESS\" > \"${SCRIPT_OUTPUT_FILE_0}\"\n";
			showEnvVarsInLog = 0;
		};
		F4EE0DB72146423D00CACB2A /* SwiftLint */ = {
			isa = PBXShellScriptBuildPhase;
			buildActionMask = 2147483647;
			files = (
			);
			inputPaths = (
			);
			name = SwiftLint;
			outputPaths = (
			);
			runOnlyForDeploymentPostprocessing = 0;
			shellPath = /bin/sh;
			shellScript = "LINTER=\"${PODS_ROOT}/SwiftLint/swiftlint\"\nlint() {\n  if which swiftlint >/dev/null; then\n    $LINTER autocorrect\n    $LINTER\n  else\n    echo \"warning: SwiftLint not installed\"\n  fi\n}\nlint\n";
		};
/* End PBXShellScriptBuildPhase section */

/* Begin PBXSourcesBuildPhase section */
		607FACCC1AFB9204008FA782 /* Sources */ = {
			isa = PBXSourcesBuildPhase;
			buildActionMask = 2147483647;
			files = (
				607FACD81AFB9204008FA782 /* ViewController.swift in Sources */,
				607FACD61AFB9204008FA782 /* AppDelegate.swift in Sources */,
			);
			runOnlyForDeploymentPostprocessing = 0;
		};
		F40AB9832155341C00DC8DA4 /* Sources */ = {
			isa = PBXSourcesBuildPhase;
			buildActionMask = 2147483647;
			files = (
				F40ABA0A2155372B00DC8DA4 /* NetworkStubbing.swift in Sources */,
				F40ABA032155371900DC8DA4 /* SearchSpec.swift in Sources */,
				F40ABA0B2155372B00DC8DA4 /* OHHTTPStubsExtension.swift in Sources */,
				F40ABA0F2155374900DC8DA4 /* GitHubTrendingSpec.swift in Sources */,
				F40ABA042155371900DC8DA4 /* GitDataSpec.swift in Sources */,
				F40ABA012155371900DC8DA4 /* MiscSpec.swift in Sources */,
				F40ABA0D2155374200DC8DA4 /* GitHubExploreSpec.swift in Sources */,
				F40ABA002155371900DC8DA4 /* AuthorizationSpec.swift in Sources */,
				F40ABA022155371900DC8DA4 /* Config.swift in Sources */,
				F42A12A12158901200EBB9A8 /* GitHubLanguageSpec.swift in Sources */,
				F40ABA062155371900DC8DA4 /* RepositorySpec.swift in Sources */,
				F40ABA112155375000DC8DA4 /* ModelSpec.swift in Sources */,
				F40ABA052155371900DC8DA4 /* UserSpec.swift in Sources */,
			);
			runOnlyForDeploymentPostprocessing = 0;
		};
/* End PBXSourcesBuildPhase section */

/* Begin PBXTargetDependency section */
		F40AB98D2155341C00DC8DA4 /* PBXTargetDependency */ = {
			isa = PBXTargetDependency;
			target = 607FACCF1AFB9204008FA782 /* GitHubKit_Example */;
			targetProxy = F40AB98C2155341C00DC8DA4 /* PBXContainerItemProxy */;
		};
/* End PBXTargetDependency section */

/* Begin PBXVariantGroup section */
		607FACD91AFB9204008FA782 /* Main.storyboard */ = {
			isa = PBXVariantGroup;
			children = (
				607FACDA1AFB9204008FA782 /* Base */,
			);
			name = Main.storyboard;
			sourceTree = "<group>";
		};
		607FACDE1AFB9204008FA782 /* LaunchScreen.xib */ = {
			isa = PBXVariantGroup;
			children = (
				607FACDF1AFB9204008FA782 /* Base */,
			);
			name = LaunchScreen.xib;
			sourceTree = "<group>";
		};
/* End PBXVariantGroup section */

/* Begin XCBuildConfiguration section */
		607FACED1AFB9204008FA782 /* Debug */ = {
			isa = XCBuildConfiguration;
			buildSettings = {
				ALWAYS_SEARCH_USER_PATHS = NO;
				CLANG_CXX_LANGUAGE_STANDARD = "gnu++0x";
				CLANG_CXX_LIBRARY = "libc++";
				CLANG_ENABLE_MODULES = YES;
				CLANG_ENABLE_OBJC_ARC = YES;
				CLANG_WARN_BLOCK_CAPTURE_AUTORELEASING = YES;
				CLANG_WARN_BOOL_CONVERSION = YES;
				CLANG_WARN_COMMA = YES;
				CLANG_WARN_CONSTANT_CONVERSION = YES;
				CLANG_WARN_DEPRECATED_OBJC_IMPLEMENTATIONS = YES;
				CLANG_WARN_DIRECT_OBJC_ISA_USAGE = YES_ERROR;
				CLANG_WARN_EMPTY_BODY = YES;
				CLANG_WARN_ENUM_CONVERSION = YES;
				CLANG_WARN_INFINITE_RECURSION = YES;
				CLANG_WARN_INT_CONVERSION = YES;
				CLANG_WARN_NON_LITERAL_NULL_CONVERSION = YES;
				CLANG_WARN_OBJC_IMPLICIT_RETAIN_SELF = YES;
				CLANG_WARN_OBJC_LITERAL_CONVERSION = YES;
				CLANG_WARN_OBJC_ROOT_CLASS = YES_ERROR;
				CLANG_WARN_RANGE_LOOP_ANALYSIS = YES;
				CLANG_WARN_STRICT_PROTOTYPES = YES;
				CLANG_WARN_SUSPICIOUS_MOVE = YES;
				CLANG_WARN_UNREACHABLE_CODE = YES;
				CLANG_WARN__DUPLICATE_METHOD_MATCH = YES;
				"CODE_SIGN_IDENTITY[sdk=iphoneos*]" = "iPhone Developer";
				COPY_PHASE_STRIP = NO;
				DEBUG_INFORMATION_FORMAT = "dwarf-with-dsym";
				ENABLE_STRICT_OBJC_MSGSEND = YES;
				ENABLE_TESTABILITY = YES;
				GCC_C_LANGUAGE_STANDARD = gnu99;
				GCC_DYNAMIC_NO_PIC = NO;
				GCC_NO_COMMON_BLOCKS = YES;
				GCC_OPTIMIZATION_LEVEL = 0;
				GCC_PREPROCESSOR_DEFINITIONS = (
					"DEBUG=1",
					"$(inherited)",
				);
				GCC_SYMBOLS_PRIVATE_EXTERN = NO;
				GCC_WARN_64_TO_32_BIT_CONVERSION = YES;
				GCC_WARN_ABOUT_RETURN_TYPE = YES_ERROR;
				GCC_WARN_UNDECLARED_SELECTOR = YES;
				GCC_WARN_UNINITIALIZED_AUTOS = YES_AGGRESSIVE;
				GCC_WARN_UNUSED_FUNCTION = YES;
				GCC_WARN_UNUSED_VARIABLE = YES;
				IPHONEOS_DEPLOYMENT_TARGET = 9.3;
				MTL_ENABLE_DEBUG_INFO = YES;
				ONLY_ACTIVE_ARCH = YES;
				SDKROOT = iphoneos;
				SWIFT_OPTIMIZATION_LEVEL = "-Onone";
			};
			name = Debug;
		};
		607FACEE1AFB9204008FA782 /* Release */ = {
			isa = XCBuildConfiguration;
			buildSettings = {
				ALWAYS_SEARCH_USER_PATHS = NO;
				CLANG_CXX_LANGUAGE_STANDARD = "gnu++0x";
				CLANG_CXX_LIBRARY = "libc++";
				CLANG_ENABLE_MODULES = YES;
				CLANG_ENABLE_OBJC_ARC = YES;
				CLANG_WARN_BLOCK_CAPTURE_AUTORELEASING = YES;
				CLANG_WARN_BOOL_CONVERSION = YES;
				CLANG_WARN_COMMA = YES;
				CLANG_WARN_CONSTANT_CONVERSION = YES;
				CLANG_WARN_DEPRECATED_OBJC_IMPLEMENTATIONS = YES;
				CLANG_WARN_DIRECT_OBJC_ISA_USAGE = YES_ERROR;
				CLANG_WARN_EMPTY_BODY = YES;
				CLANG_WARN_ENUM_CONVERSION = YES;
				CLANG_WARN_INFINITE_RECURSION = YES;
				CLANG_WARN_INT_CONVERSION = YES;
				CLANG_WARN_NON_LITERAL_NULL_CONVERSION = YES;
				CLANG_WARN_OBJC_IMPLICIT_RETAIN_SELF = YES;
				CLANG_WARN_OBJC_LITERAL_CONVERSION = YES;
				CLANG_WARN_OBJC_ROOT_CLASS = YES_ERROR;
				CLANG_WARN_RANGE_LOOP_ANALYSIS = YES;
				CLANG_WARN_STRICT_PROTOTYPES = YES;
				CLANG_WARN_SUSPICIOUS_MOVE = YES;
				CLANG_WARN_UNREACHABLE_CODE = YES;
				CLANG_WARN__DUPLICATE_METHOD_MATCH = YES;
				"CODE_SIGN_IDENTITY[sdk=iphoneos*]" = "iPhone Developer";
				COPY_PHASE_STRIP = NO;
				DEBUG_INFORMATION_FORMAT = "dwarf-with-dsym";
				ENABLE_NS_ASSERTIONS = NO;
				ENABLE_STRICT_OBJC_MSGSEND = YES;
				GCC_C_LANGUAGE_STANDARD = gnu99;
				GCC_NO_COMMON_BLOCKS = YES;
				GCC_WARN_64_TO_32_BIT_CONVERSION = YES;
				GCC_WARN_ABOUT_RETURN_TYPE = YES_ERROR;
				GCC_WARN_UNDECLARED_SELECTOR = YES;
				GCC_WARN_UNINITIALIZED_AUTOS = YES_AGGRESSIVE;
				GCC_WARN_UNUSED_FUNCTION = YES;
				GCC_WARN_UNUSED_VARIABLE = YES;
				IPHONEOS_DEPLOYMENT_TARGET = 9.3;
				MTL_ENABLE_DEBUG_INFO = NO;
				SDKROOT = iphoneos;
				SWIFT_OPTIMIZATION_LEVEL = "-Owholemodule";
				VALIDATE_PRODUCT = YES;
			};
			name = Release;
		};
		607FACF01AFB9204008FA782 /* Debug */ = {
			isa = XCBuildConfiguration;
			baseConfigurationReference = C659CBA66F0717FB10087F61 /* Pods-GitHubKit_Example.debug.xcconfig */;
			buildSettings = {
				ASSETCATALOG_COMPILER_APPICON_NAME = AppIcon;
				DEVELOPMENT_TEAM = YSQ5ZCLFSD;
				INFOPLIST_FILE = GitHubKit/Info.plist;
				IPHONEOS_DEPLOYMENT_TARGET = 11.4;
				LD_RUNPATH_SEARCH_PATHS = "$(inherited) @executable_path/Frameworks";
				MODULE_NAME = ExampleApp;
				PRODUCT_BUNDLE_IDENTIFIER = "org.cocoapods.demo.$(PRODUCT_NAME:rfc1034identifier)";
				PRODUCT_NAME = "$(TARGET_NAME)";
				SWIFT_SWIFT3_OBJC_INFERENCE = Default;
				SWIFT_VERSION = 4.0;
			};
			name = Debug;
		};
		607FACF11AFB9204008FA782 /* Release */ = {
			isa = XCBuildConfiguration;
			baseConfigurationReference = DF6BA7A8B419A3B7DA274CEE /* Pods-GitHubKit_Example.release.xcconfig */;
			buildSettings = {
				ASSETCATALOG_COMPILER_APPICON_NAME = AppIcon;
				DEVELOPMENT_TEAM = YSQ5ZCLFSD;
				INFOPLIST_FILE = GitHubKit/Info.plist;
				IPHONEOS_DEPLOYMENT_TARGET = 11.4;
				LD_RUNPATH_SEARCH_PATHS = "$(inherited) @executable_path/Frameworks";
				MODULE_NAME = ExampleApp;
				PRODUCT_BUNDLE_IDENTIFIER = "org.cocoapods.demo.$(PRODUCT_NAME:rfc1034identifier)";
				PRODUCT_NAME = "$(TARGET_NAME)";
				SWIFT_SWIFT3_OBJC_INFERENCE = Default;
				SWIFT_VERSION = 4.0;
			};
			name = Release;
		};
		F40AB98F2155341C00DC8DA4 /* Debug */ = {
			isa = XCBuildConfiguration;
			baseConfigurationReference = 0318AAC0DF06F89D2A55C3FC /* Pods-GitHubKit_Tests.debug.xcconfig */;
			buildSettings = {
				BUNDLE_LOADER = "$(TEST_HOST)";
				CLANG_ANALYZER_NONNULL = YES;
				CLANG_ANALYZER_NUMBER_OBJECT_CONVERSION = YES_AGGRESSIVE;
				CLANG_CXX_LANGUAGE_STANDARD = "gnu++14";
				CLANG_ENABLE_OBJC_WEAK = YES;
				CLANG_WARN_DOCUMENTATION_COMMENTS = YES;
				CLANG_WARN_UNGUARDED_AVAILABILITY = YES_AGGRESSIVE;
				CODE_SIGN_IDENTITY = "iPhone Developer";
				CODE_SIGN_STYLE = Automatic;
				DEBUG_INFORMATION_FORMAT = dwarf;
				DEVELOPMENT_TEAM = YSQ5ZCLFSD;
				GCC_C_LANGUAGE_STANDARD = gnu11;
				INFOPLIST_FILE = GitHubKit_Tests/Info.plist;
				IPHONEOS_DEPLOYMENT_TARGET = 11.4;
				LD_RUNPATH_SEARCH_PATHS = "$(inherited) @executable_path/Frameworks @loader_path/Frameworks";
				PRODUCT_BUNDLE_IDENTIFIER = "io.github.mudox.GitHubKit-Tests";
				PRODUCT_NAME = "$(TARGET_NAME)";
				SWIFT_ACTIVE_COMPILATION_CONDITIONS = DEBUG;
				SWIFT_VERSION = 4.0;
				TARGETED_DEVICE_FAMILY = "1,2";
				TEST_HOST = "$(BUILT_PRODUCTS_DIR)/GitHubKit_Example.app/GitHubKit_Example";
			};
			name = Debug;
		};
		F40AB9902155341C00DC8DA4 /* Release */ = {
			isa = XCBuildConfiguration;
			baseConfigurationReference = A8D0E12497DD0FD36DC6F0B9 /* Pods-GitHubKit_Tests.release.xcconfig */;
			buildSettings = {
				BUNDLE_LOADER = "$(TEST_HOST)";
				CLANG_ANALYZER_NONNULL = YES;
				CLANG_ANALYZER_NUMBER_OBJECT_CONVERSION = YES_AGGRESSIVE;
				CLANG_CXX_LANGUAGE_STANDARD = "gnu++14";
				CLANG_ENABLE_OBJC_WEAK = YES;
				CLANG_WARN_DOCUMENTATION_COMMENTS = YES;
				CLANG_WARN_UNGUARDED_AVAILABILITY = YES_AGGRESSIVE;
				CODE_SIGN_IDENTITY = "iPhone Developer";
				CODE_SIGN_STYLE = Automatic;
				DEVELOPMENT_TEAM = YSQ5ZCLFSD;
				GCC_C_LANGUAGE_STANDARD = gnu11;
				INFOPLIST_FILE = GitHubKit_Tests/Info.plist;
				IPHONEOS_DEPLOYMENT_TARGET = 11.4;
				LD_RUNPATH_SEARCH_PATHS = "$(inherited) @executable_path/Frameworks @loader_path/Frameworks";
				PRODUCT_BUNDLE_IDENTIFIER = "io.github.mudox.GitHubKit-Tests";
				PRODUCT_NAME = "$(TARGET_NAME)";
				SWIFT_VERSION = 4.0;
				TARGETED_DEVICE_FAMILY = "1,2";
				TEST_HOST = "$(BUILT_PRODUCTS_DIR)/GitHubKit_Example.app/GitHubKit_Example";
			};
			name = Release;
		};
/* End XCBuildConfiguration section */

/* Begin XCConfigurationList section */
		607FACCB1AFB9204008FA782 /* Build configuration list for PBXProject "GitHubKit" */ = {
			isa = XCConfigurationList;
			buildConfigurations = (
				607FACED1AFB9204008FA782 /* Debug */,
				607FACEE1AFB9204008FA782 /* Release */,
			);
			defaultConfigurationIsVisible = 0;
			defaultConfigurationName = Release;
		};
		607FACEF1AFB9204008FA782 /* Build configuration list for PBXNativeTarget "GitHubKit_Example" */ = {
			isa = XCConfigurationList;
			buildConfigurations = (
				607FACF01AFB9204008FA782 /* Debug */,
				607FACF11AFB9204008FA782 /* Release */,
			);
			defaultConfigurationIsVisible = 0;
			defaultConfigurationName = Release;
		};
		F40AB98E2155341C00DC8DA4 /* Build configuration list for PBXNativeTarget "GitHubKit_Tests" */ = {
			isa = XCConfigurationList;
			buildConfigurations = (
				F40AB98F2155341C00DC8DA4 /* Debug */,
				F40AB9902155341C00DC8DA4 /* Release */,
			);
			defaultConfigurationIsVisible = 0;
			defaultConfigurationName = Release;
		};
/* End XCConfigurationList section */
	};
	rootObject = 607FACC81AFB9204008FA782 /* Project object */;
}
