// !$*UTF8*$!
{
	archiveVersion = 1;
	classes = {
	};
	objectVersion = 46;
	objects = {

/* Begin PBXBuildFile section */
		D8F431C88C25D3FA598A460A /* Pods_Tests.framework in Frameworks */ = {isa = PBXBuildFile; fileRef = 8129120A016B0D0349B0B646 /* Pods_Tests.framework */; };
		DDCBA286F7EADA5E13510AE6 /* Pods_Demo.framework in Frameworks */ = {isa = PBXBuildFile; fileRef = 9ED9FB035EF79833B35C22E0 /* Pods_Demo.framework */; };
		F41074A1216CC02600F0987D /* GitHubLanguageSpec.swift in Sources */ = {isa = PBXBuildFile; fileRef = F410746C216CC02600F0987D /* GitHubLanguageSpec.swift */; };
		F41074A2216CC02600F0987D /* HTTPStubbing.swift in Sources */ = {isa = PBXBuildFile; fileRef = F410746E216CC02600F0987D /* HTTPStubbing.swift */; };
		F41074A3216CC02600F0987D /* OHHTTPStubsExtension.swift in Sources */ = {isa = PBXBuildFile; fileRef = F410746F216CC02600F0987D /* OHHTTPStubsExtension.swift */; };
		F41074A4216CC02600F0987D /* explore_topic.txt in Resources */ = {isa = PBXBuildFile; fileRef = F4107471216CC02600F0987D /* explore_topic.txt */; };
		F41074A5216CC02600F0987D /* search_repositories_0.txt in Resources */ = {isa = PBXBuildFile; fileRef = F4107473216CC02600F0987D /* search_repositories_0.txt */; };
		F41074A6216CC02600F0987D /* search_repositories_1.txt in Resources */ = {isa = PBXBuildFile; fileRef = F4107474216CC02600F0987D /* search_repositories_1.txt */; };
		F41074A7216CC02600F0987D /* authorize.txt in Resources */ = {isa = PBXBuildFile; fileRef = F4107475216CC02600F0987D /* authorize.txt */; };
		F41074A8216CC02600F0987D /* search_repositories_3.txt in Resources */ = {isa = PBXBuildFile; fileRef = F4107476216CC02600F0987D /* search_repositories_3.txt */; };
		F41074A9216CC02600F0987D /* repositoryContributors.txt in Resources */ = {isa = PBXBuildFile; fileRef = F4107477216CC02600F0987D /* repositoryContributors.txt */; };
		F41074AA216CC02600F0987D /* developer-trending.txt in Resources */ = {isa = PBXBuildFile; fileRef = F4107478216CC02600F0987D /* developer-trending.txt */; };
		F41074AB216CC02600F0987D /* search_repositories_2.txt in Resources */ = {isa = PBXBuildFile; fileRef = F4107479216CC02600F0987D /* search_repositories_2.txt */; };
		F41074AC216CC02600F0987D /* unfollow.txt in Resources */ = {isa = PBXBuildFile; fileRef = F410747A216CC02600F0987D /* unfollow.txt */; };
		F41074AD216CC02600F0987D /* followers.txt in Resources */ = {isa = PBXBuildFile; fileRef = F410747B216CC02600F0987D /* followers.txt */; };
		F41074AE216CC02600F0987D /* isFollowing.txt in Resources */ = {isa = PBXBuildFile; fileRef = F410747C216CC02600F0987D /* isFollowing.txt */; };
		F41074AF216CC02600F0987D /* organizationRepositories.txt in Resources */ = {isa = PBXBuildFile; fileRef = F410747D216CC02600F0987D /* organizationRepositories.txt */; };
		F41074B0216CC02600F0987D /* myProfile.txt in Resources */ = {isa = PBXBuildFile; fileRef = F410747E216CC02600F0987D /* myProfile.txt */; };
		F41074B1216CC02600F0987D /* authorizations.txt in Resources */ = {isa = PBXBuildFile; fileRef = F410747F216CC02600F0987D /* authorizations.txt */; };
		F41074B2216CC02600F0987D /* commit.txt in Resources */ = {isa = PBXBuildFile; fileRef = F4107480216CC02600F0987D /* commit.txt */; };
		F41074B3216CC02600F0987D /* reference.txt in Resources */ = {isa = PBXBuildFile; fileRef = F4107481216CC02600F0987D /* reference.txt */; };
		F41074B4216CC02600F0987D /* repositoryLanguages.txt in Resources */ = {isa = PBXBuildFile; fileRef = F4107482216CC02600F0987D /* repositoryLanguages.txt */; };
		F41074B5216CC02600F0987D /* myRepositories.txt in Resources */ = {isa = PBXBuildFile; fileRef = F4107483216CC02600F0987D /* myRepositories.txt */; };
		F41074B6216CC02600F0987D /* grants.txt in Resources */ = {isa = PBXBuildFile; fileRef = F4107484216CC02600F0987D /* grants.txt */; };
		F41074B7216CC02600F0987D /* repository-trending.txt in Resources */ = {isa = PBXBuildFile; fileRef = F4107485216CC02600F0987D /* repository-trending.txt */; };
		F41074B8216CC02600F0987D /* deleteGrant.txt in Resources */ = {isa = PBXBuildFile; fileRef = F4107486216CC02600F0987D /* deleteGrant.txt */; };
		F41074B9216CC02600F0987D /* github-languages.txt in Resources */ = {isa = PBXBuildFile; fileRef = F4107487216CC02600F0987D /* github-languages.txt */; };
		F41074BA216CC02600F0987D /* deleteAuthorization.txt in Resources */ = {isa = PBXBuildFile; fileRef = F4107488216CC02600F0987D /* deleteAuthorization.txt */; };
		F41074BB216CC02600F0987D /* follow.txt in Resources */ = {isa = PBXBuildFile; fileRef = F4107489216CC02600F0987D /* follow.txt */; };
		F41074BC216CC02600F0987D /* repositoryTopics.txt in Resources */ = {isa = PBXBuildFile; fileRef = F410748A216CC02600F0987D /* repositoryTopics.txt */; };
		F41074BD216CC02600F0987D /* rateLimit.txt in Resources */ = {isa = PBXBuildFile; fileRef = F410748B216CC02600F0987D /* rateLimit.txt */; };
		F41074BE216CC02600F0987D /* zen.txt in Resources */ = {isa = PBXBuildFile; fileRef = F410748C216CC02600F0987D /* zen.txt */; };
		F41074BF216CC02600F0987D /* repository.txt in Resources */ = {isa = PBXBuildFile; fileRef = F410748D216CC02600F0987D /* repository.txt */; };
		F41074C0216CC02600F0987D /* repositories.txt in Resources */ = {isa = PBXBuildFile; fileRef = F410748E216CC02600F0987D /* repositories.txt */; };
		F41074C1216CC02600F0987D /* repositoryTags.txt in Resources */ = {isa = PBXBuildFile; fileRef = F410748F216CC02600F0987D /* repositoryTags.txt */; };
		F41074C2216CC02600F0987D /* blob.txt in Resources */ = {isa = PBXBuildFile; fileRef = F4107490216CC02600F0987D /* blob.txt */; };
		F41074C3216CC02600F0987D /* tree.txt in Resources */ = {isa = PBXBuildFile; fileRef = F4107491216CC02600F0987D /* tree.txt */; };
		F41074C4216CC02600F0987D /* profile.txt in Resources */ = {isa = PBXBuildFile; fileRef = F4107492216CC02600F0987D /* profile.txt */; };
		F41074C5216CC02600F0987D /* explore_collection.txt in Resources */ = {isa = PBXBuildFile; fileRef = F4107493216CC02600F0987D /* explore_collection.txt */; };
		F41074C6216CC02600F0987D /* ModelSpec.swift in Sources */ = {isa = PBXBuildFile; fileRef = F4107494216CC02600F0987D /* ModelSpec.swift */; };
		F41074C7216CC02600F0987D /* GitHubTrendingSpec.swift in Sources */ = {isa = PBXBuildFile; fileRef = F4107495216CC02600F0987D /* GitHubTrendingSpec.swift */; };
		F41074C8216CC02600F0987D /* GitHubExploreSpec.swift in Sources */ = {isa = PBXBuildFile; fileRef = F4107496216CC02600F0987D /* GitHubExploreSpec.swift */; };
		F41074C9216CC02600F0987D /* AuthorizationSpec.swift in Sources */ = {isa = PBXBuildFile; fileRef = F4107498216CC02600F0987D /* AuthorizationSpec.swift */; };
		F41074CA216CC02600F0987D /* Credentials.swift in Sources */ = {isa = PBXBuildFile; fileRef = F4107499216CC02600F0987D /* Credentials.swift */; };
		F41074CB216CC02600F0987D /* MiscSpec.swift in Sources */ = {isa = PBXBuildFile; fileRef = F410749A216CC02600F0987D /* MiscSpec.swift */; };
		F41074CC216CC02600F0987D /* SearchSpec.swift in Sources */ = {isa = PBXBuildFile; fileRef = F410749B216CC02600F0987D /* SearchSpec.swift */; };
		F41074CD216CC02600F0987D /* GitDataSpec.swift in Sources */ = {isa = PBXBuildFile; fileRef = F410749C216CC02600F0987D /* GitDataSpec.swift */; };
		F41074CE216CC02600F0987D /* UserSpec.swift in Sources */ = {isa = PBXBuildFile; fileRef = F410749D216CC02600F0987D /* UserSpec.swift */; };
		F41074CF216CC02600F0987D /* RepositorySpec.swift in Sources */ = {isa = PBXBuildFile; fileRef = F410749E216CC02600F0987D /* RepositorySpec.swift */; };
		F41074D1216CC02600F0987D /* Fixtures.swift in Sources */ = {isa = PBXBuildFile; fileRef = F41074A0216CC02600F0987D /* Fixtures.swift */; };
		F436550E21972E1500723BA6 /* authorize_invalid_parameter.txt in Resources */ = {isa = PBXBuildFile; fileRef = F436550C21972E1500723BA6 /* authorize_invalid_parameter.txt */; };
		F436550F21972E1500723BA6 /* authorize_invalid_credential.txt in Resources */ = {isa = PBXBuildFile; fileRef = F436550D21972E1500723BA6 /* authorize_invalid_credential.txt */; };
		F4DEF57C216CC5690004CF2D /* ViewController.swift in Sources */ = {isa = PBXBuildFile; fileRef = F4DEF574216CC5690004CF2D /* ViewController.swift */; };
		F4DEF57D216CC5690004CF2D /* LaunchScreen.xib in Resources */ = {isa = PBXBuildFile; fileRef = F4DEF575216CC5690004CF2D /* LaunchScreen.xib */; };
		F4DEF57E216CC5690004CF2D /* Main.storyboard in Resources */ = {isa = PBXBuildFile; fileRef = F4DEF577216CC5690004CF2D /* Main.storyboard */; };
		F4DEF57F216CC5690004CF2D /* Images.xcassets in Resources */ = {isa = PBXBuildFile; fileRef = F4DEF579216CC5690004CF2D /* Images.xcassets */; };
		F4DEF580216CC5690004CF2D /* AppDelegate.swift in Sources */ = {isa = PBXBuildFile; fileRef = F4DEF57A216CC5690004CF2D /* AppDelegate.swift */; };
/* End PBXBuildFile section */

/* Begin PBXContainerItemProxy section */
		F4097CB7216C82440041C465 /* PBXContainerItemProxy */ = {
			isa = PBXContainerItemProxy;
			containerPortal = 607FACC81AFB9204008FA782 /* Project object */;
			proxyType = 1;
			remoteGlobalIDString = 607FACCF1AFB9204008FA782;
			remoteInfo = GitHubKit_Example;
		};
/* End PBXContainerItemProxy section */

/* Begin PBXFileReference section */
		01AC5CD4B1732BB32094F56C /* Pods-GitHubKit_ExampleTests.debug.xcconfig */ = {isa = PBXFileReference; includeInIndex = 1; lastKnownFileType = text.xcconfig; name = "Pods-GitHubKit_ExampleTests.debug.xcconfig"; path = "Pods/Target Support Files/Pods-GitHubKit_ExampleTests/Pods-GitHubKit_ExampleTests.debug.xcconfig"; sourceTree = "<group>"; };
		0318AAC0DF06F89D2A55C3FC /* Pods-GitHubKit_Tests.debug.xcconfig */ = {isa = PBXFileReference; includeInIndex = 1; lastKnownFileType = text.xcconfig; name = "Pods-GitHubKit_Tests.debug.xcconfig"; path = "Pods/Target Support Files/Pods-GitHubKit_Tests/Pods-GitHubKit_Tests.debug.xcconfig"; sourceTree = "<group>"; };
		0A891A7A887F51E087B21CF8 /* Pods-Demo.release.xcconfig */ = {isa = PBXFileReference; includeInIndex = 1; lastKnownFileType = text.xcconfig; name = "Pods-Demo.release.xcconfig"; path = "Pods/Target Support Files/Pods-Demo/Pods-Demo.release.xcconfig"; sourceTree = "<group>"; };
		5C913FA326BA21620B07E38C /* LICENSE */ = {isa = PBXFileReference; includeInIndex = 1; lastKnownFileType = text; name = LICENSE; path = ../LICENSE; sourceTree = "<group>"; };
		607FACD01AFB9204008FA782 /* Demo.app */ = {isa = PBXFileReference; explicitFileType = wrapper.application; includeInIndex = 0; path = Demo.app; sourceTree = BUILT_PRODUCTS_DIR; };
		745F665264BBA1E8817EC61A /* GitHubKit.podspec */ = {isa = PBXFileReference; includeInIndex = 1; lastKnownFileType = text; name = GitHubKit.podspec; path = ../GitHubKit.podspec; sourceTree = "<group>"; xcLanguageSpecificationIdentifier = xcode.lang.ruby; };
		74C95830E3E957913E898777 /* Pods-GitHubKit_ExampleTests.release.xcconfig */ = {isa = PBXFileReference; includeInIndex = 1; lastKnownFileType = text.xcconfig; name = "Pods-GitHubKit_ExampleTests.release.xcconfig"; path = "Pods/Target Support Files/Pods-GitHubKit_ExampleTests/Pods-GitHubKit_ExampleTests.release.xcconfig"; sourceTree = "<group>"; };
		802CAEF8C4DCA84A7D85A094 /* Pods-Tests.release.xcconfig */ = {isa = PBXFileReference; includeInIndex = 1; lastKnownFileType = text.xcconfig; name = "Pods-Tests.release.xcconfig"; path = "Pods/Target Support Files/Pods-Tests/Pods-Tests.release.xcconfig"; sourceTree = "<group>"; };
		8129120A016B0D0349B0B646 /* Pods_Tests.framework */ = {isa = PBXFileReference; explicitFileType = wrapper.framework; includeInIndex = 0; path = Pods_Tests.framework; sourceTree = BUILT_PRODUCTS_DIR; };
		99CE9120502B0C0B5FF0ADD9 /* Pods-Tests.debug.xcconfig */ = {isa = PBXFileReference; includeInIndex = 1; lastKnownFileType = text.xcconfig; name = "Pods-Tests.debug.xcconfig"; path = "Pods/Target Support Files/Pods-Tests/Pods-Tests.debug.xcconfig"; sourceTree = "<group>"; };
		9E2F7B69189A15DB4C1C1A7E /* README.md */ = {isa = PBXFileReference; includeInIndex = 1; lastKnownFileType = net.daringfireball.markdown; name = README.md; path = ../README.md; sourceTree = "<group>"; };
		9ED9FB035EF79833B35C22E0 /* Pods_Demo.framework */ = {isa = PBXFileReference; explicitFileType = wrapper.framework; includeInIndex = 0; path = Pods_Demo.framework; sourceTree = BUILT_PRODUCTS_DIR; };
		A8D0E12497DD0FD36DC6F0B9 /* Pods-GitHubKit_Tests.release.xcconfig */ = {isa = PBXFileReference; includeInIndex = 1; lastKnownFileType = text.xcconfig; name = "Pods-GitHubKit_Tests.release.xcconfig"; path = "Pods/Target Support Files/Pods-GitHubKit_Tests/Pods-GitHubKit_Tests.release.xcconfig"; sourceTree = "<group>"; };
		B6FF7371B8ACA083D5EAA8D5 /* Pods-Example.debug.xcconfig */ = {isa = PBXFileReference; includeInIndex = 1; lastKnownFileType = text.xcconfig; name = "Pods-Example.debug.xcconfig"; path = "Pods/Target Support Files/Pods-Example/Pods-Example.debug.xcconfig"; sourceTree = "<group>"; };
		C659CBA66F0717FB10087F61 /* Pods-GitHubKit_Example.debug.xcconfig */ = {isa = PBXFileReference; includeInIndex = 1; lastKnownFileType = text.xcconfig; name = "Pods-GitHubKit_Example.debug.xcconfig"; path = "Pods/Target Support Files/Pods-GitHubKit_Example/Pods-GitHubKit_Example.debug.xcconfig"; sourceTree = "<group>"; };
		DF6BA7A8B419A3B7DA274CEE /* Pods-GitHubKit_Example.release.xcconfig */ = {isa = PBXFileReference; includeInIndex = 1; lastKnownFileType = text.xcconfig; name = "Pods-GitHubKit_Example.release.xcconfig"; path = "Pods/Target Support Files/Pods-GitHubKit_Example/Pods-GitHubKit_Example.release.xcconfig"; sourceTree = "<group>"; };
		F4097CB2216C82440041C465 /* Tests.xctest */ = {isa = PBXFileReference; explicitFileType = wrapper.cfbundle; includeInIndex = 0; path = Tests.xctest; sourceTree = BUILT_PRODUCTS_DIR; };
		F410746C216CC02600F0987D /* GitHubLanguageSpec.swift */ = {isa = PBXFileReference; fileEncoding = 4; lastKnownFileType = sourcecode.swift; path = GitHubLanguageSpec.swift; sourceTree = "<group>"; };
		F410746E216CC02600F0987D /* HTTPStubbing.swift */ = {isa = PBXFileReference; fileEncoding = 4; lastKnownFileType = sourcecode.swift; path = HTTPStubbing.swift; sourceTree = "<group>"; };
		F410746F216CC02600F0987D /* OHHTTPStubsExtension.swift */ = {isa = PBXFileReference; fileEncoding = 4; lastKnownFileType = sourcecode.swift; path = OHHTTPStubsExtension.swift; sourceTree = "<group>"; };
		F4107471216CC02600F0987D /* explore_topic.txt */ = {isa = PBXFileReference; fileEncoding = 4; lastKnownFileType = text; path = explore_topic.txt; sourceTree = "<group>"; };
		F4107473216CC02600F0987D /* search_repositories_0.txt */ = {isa = PBXFileReference; fileEncoding = 4; lastKnownFileType = text; path = search_repositories_0.txt; sourceTree = "<group>"; };
		F4107474216CC02600F0987D /* search_repositories_1.txt */ = {isa = PBXFileReference; fileEncoding = 4; lastKnownFileType = text; path = search_repositories_1.txt; sourceTree = "<group>"; };
		F4107475216CC02600F0987D /* authorize.txt */ = {isa = PBXFileReference; fileEncoding = 4; lastKnownFileType = text; path = authorize.txt; sourceTree = "<group>"; };
		F4107476216CC02600F0987D /* search_repositories_3.txt */ = {isa = PBXFileReference; fileEncoding = 4; lastKnownFileType = text; path = search_repositories_3.txt; sourceTree = "<group>"; };
		F4107477216CC02600F0987D /* repositoryContributors.txt */ = {isa = PBXFileReference; fileEncoding = 4; lastKnownFileType = text; path = repositoryContributors.txt; sourceTree = "<group>"; };
		F4107478216CC02600F0987D /* developer-trending.txt */ = {isa = PBXFileReference; fileEncoding = 4; lastKnownFileType = text; path = "developer-trending.txt"; sourceTree = "<group>"; };
		F4107479216CC02600F0987D /* search_repositories_2.txt */ = {isa = PBXFileReference; fileEncoding = 4; lastKnownFileType = text; path = search_repositories_2.txt; sourceTree = "<group>"; };
		F410747A216CC02600F0987D /* unfollow.txt */ = {isa = PBXFileReference; fileEncoding = 4; lastKnownFileType = text; path = unfollow.txt; sourceTree = "<group>"; };
		F410747B216CC02600F0987D /* followers.txt */ = {isa = PBXFileReference; fileEncoding = 4; lastKnownFileType = text; path = followers.txt; sourceTree = "<group>"; };
		F410747C216CC02600F0987D /* isFollowing.txt */ = {isa = PBXFileReference; fileEncoding = 4; lastKnownFileType = text; path = isFollowing.txt; sourceTree = "<group>"; };
		F410747D216CC02600F0987D /* organizationRepositories.txt */ = {isa = PBXFileReference; fileEncoding = 4; lastKnownFileType = text; path = organizationRepositories.txt; sourceTree = "<group>"; };
		F410747E216CC02600F0987D /* myProfile.txt */ = {isa = PBXFileReference; fileEncoding = 4; lastKnownFileType = text; path = myProfile.txt; sourceTree = "<group>"; };
		F410747F216CC02600F0987D /* authorizations.txt */ = {isa = PBXFileReference; fileEncoding = 4; lastKnownFileType = text; path = authorizations.txt; sourceTree = "<group>"; };
		F4107480216CC02600F0987D /* commit.txt */ = {isa = PBXFileReference; fileEncoding = 4; lastKnownFileType = text; path = commit.txt; sourceTree = "<group>"; };
		F4107481216CC02600F0987D /* reference.txt */ = {isa = PBXFileReference; fileEncoding = 4; lastKnownFileType = text; path = reference.txt; sourceTree = "<group>"; };
		F4107482216CC02600F0987D /* repositoryLanguages.txt */ = {isa = PBXFileReference; fileEncoding = 4; lastKnownFileType = text; path = repositoryLanguages.txt; sourceTree = "<group>"; };
		F4107483216CC02600F0987D /* myRepositories.txt */ = {isa = PBXFileReference; fileEncoding = 4; lastKnownFileType = text; path = myRepositories.txt; sourceTree = "<group>"; };
		F4107484216CC02600F0987D /* grants.txt */ = {isa = PBXFileReference; fileEncoding = 4; lastKnownFileType = text; path = grants.txt; sourceTree = "<group>"; };
		F4107485216CC02600F0987D /* repository-trending.txt */ = {isa = PBXFileReference; fileEncoding = 4; lastKnownFileType = text; path = "repository-trending.txt"; sourceTree = "<group>"; };
		F4107486216CC02600F0987D /* deleteGrant.txt */ = {isa = PBXFileReference; fileEncoding = 4; lastKnownFileType = text; path = deleteGrant.txt; sourceTree = "<group>"; };
		F4107487216CC02600F0987D /* github-languages.txt */ = {isa = PBXFileReference; fileEncoding = 4; lastKnownFileType = text; path = "github-languages.txt"; sourceTree = "<group>"; };
		F4107488216CC02600F0987D /* deleteAuthorization.txt */ = {isa = PBXFileReference; fileEncoding = 4; lastKnownFileType = text; path = deleteAuthorization.txt; sourceTree = "<group>"; };
		F4107489216CC02600F0987D /* follow.txt */ = {isa = PBXFileReference; fileEncoding = 4; lastKnownFileType = text; path = follow.txt; sourceTree = "<group>"; };
		F410748A216CC02600F0987D /* repositoryTopics.txt */ = {isa = PBXFileReference; fileEncoding = 4; lastKnownFileType = text; path = repositoryTopics.txt; sourceTree = "<group>"; };
		F410748B216CC02600F0987D /* rateLimit.txt */ = {isa = PBXFileReference; fileEncoding = 4; lastKnownFileType = text; path = rateLimit.txt; sourceTree = "<group>"; };
		F410748C216CC02600F0987D /* zen.txt */ = {isa = PBXFileReference; fileEncoding = 4; lastKnownFileType = text; path = zen.txt; sourceTree = "<group>"; };
		F410748D216CC02600F0987D /* repository.txt */ = {isa = PBXFileReference; fileEncoding = 4; lastKnownFileType = text; path = repository.txt; sourceTree = "<group>"; };
		F410748E216CC02600F0987D /* repositories.txt */ = {isa = PBXFileReference; fileEncoding = 4; lastKnownFileType = text; path = repositories.txt; sourceTree = "<group>"; };
		F410748F216CC02600F0987D /* repositoryTags.txt */ = {isa = PBXFileReference; fileEncoding = 4; lastKnownFileType = text; path = repositoryTags.txt; sourceTree = "<group>"; };
		F4107490216CC02600F0987D /* blob.txt */ = {isa = PBXFileReference; fileEncoding = 4; lastKnownFileType = text; path = blob.txt; sourceTree = "<group>"; };
		F4107491216CC02600F0987D /* tree.txt */ = {isa = PBXFileReference; fileEncoding = 4; lastKnownFileType = text; path = tree.txt; sourceTree = "<group>"; };
		F4107492216CC02600F0987D /* profile.txt */ = {isa = PBXFileReference; fileEncoding = 4; lastKnownFileType = text; path = profile.txt; sourceTree = "<group>"; };
		F4107493216CC02600F0987D /* explore_collection.txt */ = {isa = PBXFileReference; fileEncoding = 4; lastKnownFileType = text; path = explore_collection.txt; sourceTree = "<group>"; };
		F4107494216CC02600F0987D /* ModelSpec.swift */ = {isa = PBXFileReference; fileEncoding = 4; lastKnownFileType = sourcecode.swift; path = ModelSpec.swift; sourceTree = "<group>"; };
		F4107495216CC02600F0987D /* GitHubTrendingSpec.swift */ = {isa = PBXFileReference; fileEncoding = 4; lastKnownFileType = sourcecode.swift; path = GitHubTrendingSpec.swift; sourceTree = "<group>"; };
		F4107496216CC02600F0987D /* GitHubExploreSpec.swift */ = {isa = PBXFileReference; fileEncoding = 4; lastKnownFileType = sourcecode.swift; path = GitHubExploreSpec.swift; sourceTree = "<group>"; };
		F4107498216CC02600F0987D /* AuthorizationSpec.swift */ = {isa = PBXFileReference; fileEncoding = 4; lastKnownFileType = sourcecode.swift; path = AuthorizationSpec.swift; sourceTree = "<group>"; };
		F4107499216CC02600F0987D /* Credentials.swift */ = {isa = PBXFileReference; fileEncoding = 4; lastKnownFileType = sourcecode.swift; path = Credentials.swift; sourceTree = "<group>"; };
		F410749A216CC02600F0987D /* MiscSpec.swift */ = {isa = PBXFileReference; fileEncoding = 4; lastKnownFileType = sourcecode.swift; path = MiscSpec.swift; sourceTree = "<group>"; };
		F410749B216CC02600F0987D /* SearchSpec.swift */ = {isa = PBXFileReference; fileEncoding = 4; lastKnownFileType = sourcecode.swift; path = SearchSpec.swift; sourceTree = "<group>"; };
		F410749C216CC02600F0987D /* GitDataSpec.swift */ = {isa = PBXFileReference; fileEncoding = 4; lastKnownFileType = sourcecode.swift; path = GitDataSpec.swift; sourceTree = "<group>"; };
		F410749D216CC02600F0987D /* UserSpec.swift */ = {isa = PBXFileReference; fileEncoding = 4; lastKnownFileType = sourcecode.swift; path = UserSpec.swift; sourceTree = "<group>"; };
		F410749E216CC02600F0987D /* RepositorySpec.swift */ = {isa = PBXFileReference; fileEncoding = 4; lastKnownFileType = sourcecode.swift; path = RepositorySpec.swift; sourceTree = "<group>"; };
		F410749F216CC02600F0987D /* Info.plist */ = {isa = PBXFileReference; fileEncoding = 4; lastKnownFileType = text.plist.xml; path = Info.plist; sourceTree = "<group>"; };
		F41074A0216CC02600F0987D /* Fixtures.swift */ = {isa = PBXFileReference; fileEncoding = 4; lastKnownFileType = sourcecode.swift; path = Fixtures.swift; sourceTree = "<group>"; };
		F436550C21972E1500723BA6 /* authorize_invalid_parameter.txt */ = {isa = PBXFileReference; fileEncoding = 4; lastKnownFileType = text; path = authorize_invalid_parameter.txt; sourceTree = "<group>"; };
		F436550D21972E1500723BA6 /* authorize_invalid_credential.txt */ = {isa = PBXFileReference; fileEncoding = 4; lastKnownFileType = text; path = authorize_invalid_credential.txt; sourceTree = "<group>"; };
		F4DEF574216CC5690004CF2D /* ViewController.swift */ = {isa = PBXFileReference; fileEncoding = 4; lastKnownFileType = sourcecode.swift; path = ViewController.swift; sourceTree = "<group>"; };
		F4DEF576216CC5690004CF2D /* Base */ = {isa = PBXFileReference; lastKnownFileType = file.xib; name = Base; path = Base.lproj/LaunchScreen.xib; sourceTree = "<group>"; };
		F4DEF578216CC5690004CF2D /* Base */ = {isa = PBXFileReference; lastKnownFileType = file.storyboard; name = Base; path = Base.lproj/Main.storyboard; sourceTree = "<group>"; };
		F4DEF579216CC5690004CF2D /* Images.xcassets */ = {isa = PBXFileReference; lastKnownFileType = folder.assetcatalog; path = Images.xcassets; sourceTree = "<group>"; };
		F4DEF57A216CC5690004CF2D /* AppDelegate.swift */ = {isa = PBXFileReference; fileEncoding = 4; lastKnownFileType = sourcecode.swift; path = AppDelegate.swift; sourceTree = "<group>"; };
		F4DEF57B216CC5690004CF2D /* Info.plist */ = {isa = PBXFileReference; fileEncoding = 4; lastKnownFileType = text.plist.xml; path = Info.plist; sourceTree = "<group>"; };
		FB95C4FDECC408E055FBCD30 /* Pods-Example.release.xcconfig */ = {isa = PBXFileReference; includeInIndex = 1; lastKnownFileType = text.xcconfig; name = "Pods-Example.release.xcconfig"; path = "Pods/Target Support Files/Pods-Example/Pods-Example.release.xcconfig"; sourceTree = "<group>"; };
		FE4D4C67040103F646308157 /* Pods-Demo.debug.xcconfig */ = {isa = PBXFileReference; includeInIndex = 1; lastKnownFileType = text.xcconfig; name = "Pods-Demo.debug.xcconfig"; path = "Pods/Target Support Files/Pods-Demo/Pods-Demo.debug.xcconfig"; sourceTree = "<group>"; };
/* End PBXFileReference section */

/* Begin PBXFrameworksBuildPhase section */
		607FACCD1AFB9204008FA782 /* Frameworks */ = {
			isa = PBXFrameworksBuildPhase;
			buildActionMask = 2147483647;
			files = (
				DDCBA286F7EADA5E13510AE6 /* Pods_Demo.framework in Frameworks */,
			);
			runOnlyForDeploymentPostprocessing = 0;
		};
		F4097CAF216C82440041C465 /* Frameworks */ = {
			isa = PBXFrameworksBuildPhase;
			buildActionMask = 2147483647;
			files = (
				D8F431C88C25D3FA598A460A /* Pods_Tests.framework in Frameworks */,
			);
			runOnlyForDeploymentPostprocessing = 0;
		};
/* End PBXFrameworksBuildPhase section */

/* Begin PBXGroup section */
		2E41B3703899F48C0AC1152F /* Pods */ = {
			isa = PBXGroup;
			children = (
				C659CBA66F0717FB10087F61 /* Pods-GitHubKit_Example.debug.xcconfig */,
				DF6BA7A8B419A3B7DA274CEE /* Pods-GitHubKit_Example.release.xcconfig */,
				0318AAC0DF06F89D2A55C3FC /* Pods-GitHubKit_Tests.debug.xcconfig */,
				A8D0E12497DD0FD36DC6F0B9 /* Pods-GitHubKit_Tests.release.xcconfig */,
				01AC5CD4B1732BB32094F56C /* Pods-GitHubKit_ExampleTests.debug.xcconfig */,
				74C95830E3E957913E898777 /* Pods-GitHubKit_ExampleTests.release.xcconfig */,
				B6FF7371B8ACA083D5EAA8D5 /* Pods-Example.debug.xcconfig */,
				FB95C4FDECC408E055FBCD30 /* Pods-Example.release.xcconfig */,
				99CE9120502B0C0B5FF0ADD9 /* Pods-Tests.debug.xcconfig */,
				802CAEF8C4DCA84A7D85A094 /* Pods-Tests.release.xcconfig */,
				FE4D4C67040103F646308157 /* Pods-Demo.debug.xcconfig */,
				0A891A7A887F51E087B21CF8 /* Pods-Demo.release.xcconfig */,
			);
			name = Pods;
			sourceTree = "<group>";
		};
		498D623E0058959AF04C25F1 /* Frameworks */ = {
			isa = PBXGroup;
			children = (
				9ED9FB035EF79833B35C22E0 /* Pods_Demo.framework */,
				8129120A016B0D0349B0B646 /* Pods_Tests.framework */,
			);
			name = Frameworks;
			sourceTree = "<group>";
		};
		607FACC71AFB9204008FA782 = {
			isa = PBXGroup;
			children = (
				F4DEF573216CC5690004CF2D /* Demo */,
				F410746B216CC02600F0987D /* Tests */,
				607FACF51AFB993E008FA782 /* Podspec Metadata */,
				607FACD11AFB9204008FA782 /* Products */,
				2E41B3703899F48C0AC1152F /* Pods */,
				498D623E0058959AF04C25F1 /* Frameworks */,
			);
			sourceTree = "<group>";
		};
		607FACD11AFB9204008FA782 /* Products */ = {
			isa = PBXGroup;
			children = (
				607FACD01AFB9204008FA782 /* Demo.app */,
				F4097CB2216C82440041C465 /* Tests.xctest */,
			);
			name = Products;
			sourceTree = "<group>";
		};
		607FACF51AFB993E008FA782 /* Podspec Metadata */ = {
			isa = PBXGroup;
			children = (
				745F665264BBA1E8817EC61A /* GitHubKit.podspec */,
				9E2F7B69189A15DB4C1C1A7E /* README.md */,
				5C913FA326BA21620B07E38C /* LICENSE */,
			);
			name = "Podspec Metadata";
			sourceTree = "<group>";
		};
		F410746B216CC02600F0987D /* Tests */ = {
			isa = PBXGroup;
			children = (
				F410749F216CC02600F0987D /* Info.plist */,
				F41074A0216CC02600F0987D /* Fixtures.swift */,
				F4107496216CC02600F0987D /* GitHubExploreSpec.swift */,
				F410746C216CC02600F0987D /* GitHubLanguageSpec.swift */,
				F4107495216CC02600F0987D /* GitHubTrendingSpec.swift */,
				F4107494216CC02600F0987D /* ModelSpec.swift */,
				F4107497216CC02600F0987D /* GitHubServiceSpecs */,
				F410746D216CC02600F0987D /* HTTPStubbing */,
				F4107470216CC02600F0987D /* Resources */,
			);
			path = Tests;
			sourceTree = "<group>";
		};
		F410746D216CC02600F0987D /* HTTPStubbing */ = {
			isa = PBXGroup;
			children = (
				F410746E216CC02600F0987D /* HTTPStubbing.swift */,
				F410746F216CC02600F0987D /* OHHTTPStubsExtension.swift */,
			);
			path = HTTPStubbing;
			sourceTree = "<group>";
		};
		F4107470216CC02600F0987D /* Resources */ = {
			isa = PBXGroup;
			children = (
				F4107471216CC02600F0987D /* explore_topic.txt */,
				F4107472216CC02600F0987D /* Response Text */,
				F4107493216CC02600F0987D /* explore_collection.txt */,
			);
			path = Resources;
			sourceTree = "<group>";
		};
		F4107472216CC02600F0987D /* Response Text */ = {
			isa = PBXGroup;
			children = (
				F410747F216CC02600F0987D /* authorizations.txt */,
				F436550D21972E1500723BA6 /* authorize_invalid_credential.txt */,
				F436550C21972E1500723BA6 /* authorize_invalid_parameter.txt */,
				F4107475216CC02600F0987D /* authorize.txt */,
				F4107490216CC02600F0987D /* blob.txt */,
				F4107480216CC02600F0987D /* commit.txt */,
				F4107488216CC02600F0987D /* deleteAuthorization.txt */,
				F4107486216CC02600F0987D /* deleteGrant.txt */,
				F4107478216CC02600F0987D /* developer-trending.txt */,
				F4107489216CC02600F0987D /* follow.txt */,
				F410747B216CC02600F0987D /* followers.txt */,
				F4107487216CC02600F0987D /* github-languages.txt */,
				F4107484216CC02600F0987D /* grants.txt */,
				F410747C216CC02600F0987D /* isFollowing.txt */,
				F410747E216CC02600F0987D /* myProfile.txt */,
				F4107483216CC02600F0987D /* myRepositories.txt */,
				F410747D216CC02600F0987D /* organizationRepositories.txt */,
				F4107492216CC02600F0987D /* profile.txt */,
				F410748B216CC02600F0987D /* rateLimit.txt */,
				F4107481216CC02600F0987D /* reference.txt */,
				F410748E216CC02600F0987D /* repositories.txt */,
				F4107485216CC02600F0987D /* repository-trending.txt */,
				F410748D216CC02600F0987D /* repository.txt */,
				F4107477216CC02600F0987D /* repositoryContributors.txt */,
				F4107482216CC02600F0987D /* repositoryLanguages.txt */,
				F410748F216CC02600F0987D /* repositoryTags.txt */,
				F410748A216CC02600F0987D /* repositoryTopics.txt */,
				F4107473216CC02600F0987D /* search_repositories_0.txt */,
				F4107474216CC02600F0987D /* search_repositories_1.txt */,
				F4107479216CC02600F0987D /* search_repositories_2.txt */,
				F4107476216CC02600F0987D /* search_repositories_3.txt */,
				F4107491216CC02600F0987D /* tree.txt */,
				F410747A216CC02600F0987D /* unfollow.txt */,
				F410748C216CC02600F0987D /* zen.txt */,
			);
			path = "Response Text";
			sourceTree = "<group>";
		};
		F4107497216CC02600F0987D /* GitHubServiceSpecs */ = {
			isa = PBXGroup;
			children = (
				F4107498216CC02600F0987D /* AuthorizationSpec.swift */,
				F4107499216CC02600F0987D /* Credentials.swift */,
				F410749A216CC02600F0987D /* MiscSpec.swift */,
				F410749B216CC02600F0987D /* SearchSpec.swift */,
				F410749C216CC02600F0987D /* GitDataSpec.swift */,
				F410749D216CC02600F0987D /* UserSpec.swift */,
				F410749E216CC02600F0987D /* RepositorySpec.swift */,
			);
			path = GitHubServiceSpecs;
			sourceTree = "<group>";
		};
		F4DEF573216CC5690004CF2D /* Demo */ = {
			isa = PBXGroup;
			children = (
				F4DEF574216CC5690004CF2D /* ViewController.swift */,
				F4DEF575216CC5690004CF2D /* LaunchScreen.xib */,
				F4DEF577216CC5690004CF2D /* Main.storyboard */,
				F4DEF579216CC5690004CF2D /* Images.xcassets */,
				F4DEF57A216CC5690004CF2D /* AppDelegate.swift */,
				F4DEF57B216CC5690004CF2D /* Info.plist */,
			);
			path = Demo;
			sourceTree = "<group>";
		};
/* End PBXGroup section */

/* Begin PBXNativeTarget section */
		607FACCF1AFB9204008FA782 /* Demo */ = {
			isa = PBXNativeTarget;
			buildConfigurationList = 607FACEF1AFB9204008FA782 /* Build configuration list for PBXNativeTarget "Demo" */;
			buildPhases = (
				C9624106D63B78EBD1B22875 /* [CP] Check Pods Manifest.lock */,
				607FACCC1AFB9204008FA782 /* Sources */,
				607FACCD1AFB9204008FA782 /* Frameworks */,
				607FACCE1AFB9204008FA782 /* Resources */,
				F4EE0DB72146423D00CACB2A /* SwiftLint */,
				0C477E0E636AF159A8ADBCDD /* [CP] Embed Pods Frameworks */,
			);
			buildRules = (
			);
			dependencies = (
			);
			name = Demo;
			productName = GitHubKit;
			productReference = 607FACD01AFB9204008FA782 /* Demo.app */;
			productType = "com.apple.product-type.application";
		};
		F4097CB1216C82440041C465 /* Tests */ = {
			isa = PBXNativeTarget;
			buildConfigurationList = F4097CBB216C82440041C465 /* Build configuration list for PBXNativeTarget "Tests" */;
			buildPhases = (
				D08032AC5E0BB6F3D5621A8A /* [CP] Check Pods Manifest.lock */,
				F4097CAE216C82440041C465 /* Sources */,
				F4097CAF216C82440041C465 /* Frameworks */,
				F4097CB0216C82440041C465 /* Resources */,
				70A60B9AB59177793C6753E7 /* [CP] Embed Pods Frameworks */,
			);
			buildRules = (
			);
			dependencies = (
				F4097CB8216C82440041C465 /* PBXTargetDependency */,
			);
			name = Tests;
			productName = GitHubKit_ExampleTests;
			productReference = F4097CB2216C82440041C465 /* Tests.xctest */;
			productType = "com.apple.product-type.bundle.unit-test";
		};
/* End PBXNativeTarget section */

/* Begin PBXProject section */
		607FACC81AFB9204008FA782 /* Project object */ = {
			isa = PBXProject;
			attributes = {
				LastSwiftUpdateCheck = 1000;
				LastUpgradeCheck = 0940;
				ORGANIZATIONNAME = CocoaPods;
				TargetAttributes = {
					607FACCF1AFB9204008FA782 = {
						CreatedOnToolsVersion = 6.3.1;
						DevelopmentTeam = YSQ5ZCLFSD;
						LastSwiftMigration = 0900;
					};
					F4097CB1216C82440041C465 = {
						CreatedOnToolsVersion = 10.0;
						DevelopmentTeam = YSQ5ZCLFSD;
						ProvisioningStyle = Automatic;
						TestTargetID = 607FACCF1AFB9204008FA782;
					};
				};
			};
			buildConfigurationList = 607FACCB1AFB9204008FA782 /* Build configuration list for PBXProject "GitHubKit" */;
			compatibilityVersion = "Xcode 3.2";
			developmentRegion = English;
			hasScannedForEncodings = 0;
			knownRegions = (
				en,
				Base,
			);
			mainGroup = 607FACC71AFB9204008FA782;
			productRefGroup = 607FACD11AFB9204008FA782 /* Products */;
			projectDirPath = "";
			projectRoot = "";
			targets = (
				607FACCF1AFB9204008FA782 /* Demo */,
				F4097CB1216C82440041C465 /* Tests */,
			);
		};
/* End PBXProject section */

/* Begin PBXResourcesBuildPhase section */
		607FACCE1AFB9204008FA782 /* Resources */ = {
			isa = PBXResourcesBuildPhase;
			buildActionMask = 2147483647;
			files = (
				F4DEF57F216CC5690004CF2D /* Images.xcassets in Resources */,
				F4DEF57D216CC5690004CF2D /* LaunchScreen.xib in Resources */,
				F4DEF57E216CC5690004CF2D /* Main.storyboard in Resources */,
			);
			runOnlyForDeploymentPostprocessing = 0;
		};
		F4097CB0216C82440041C465 /* Resources */ = {
			isa = PBXResourcesBuildPhase;
			buildActionMask = 2147483647;
			files = (
				F41074A6216CC02600F0987D /* search_repositories_1.txt in Resources */,
				F41074A4216CC02600F0987D /* explore_topic.txt in Resources */,
				F41074BC216CC02600F0987D /* repositoryTopics.txt in Resources */,
				F41074C0216CC02600F0987D /* repositories.txt in Resources */,
				F41074AD216CC02600F0987D /* followers.txt in Resources */,
				F41074BB216CC02600F0987D /* follow.txt in Resources */,
				F41074C3216CC02600F0987D /* tree.txt in Resources */,
				F41074C4216CC02600F0987D /* profile.txt in Resources */,
				F41074A7216CC02600F0987D /* authorize.txt in Resources */,
				F41074AC216CC02600F0987D /* unfollow.txt in Resources */,
				F41074B7216CC02600F0987D /* repository-trending.txt in Resources */,
				F41074A5216CC02600F0987D /* search_repositories_0.txt in Resources */,
				F41074B9216CC02600F0987D /* github-languages.txt in Resources */,
				F41074AE216CC02600F0987D /* isFollowing.txt in Resources */,
				F41074AF216CC02600F0987D /* organizationRepositories.txt in Resources */,
				F41074BF216CC02600F0987D /* repository.txt in Resources */,
				F41074B4216CC02600F0987D /* repositoryLanguages.txt in Resources */,
				F41074B1216CC02600F0987D /* authorizations.txt in Resources */,
				F41074B2216CC02600F0987D /* commit.txt in Resources */,
				F41074C2216CC02600F0987D /* blob.txt in Resources */,
				F436550E21972E1500723BA6 /* authorize_invalid_parameter.txt in Resources */,
				F41074B3216CC02600F0987D /* reference.txt in Resources */,
				F436550F21972E1500723BA6 /* authorize_invalid_credential.txt in Resources */,
				F41074B8216CC02600F0987D /* deleteGrant.txt in Resources */,
				F41074BA216CC02600F0987D /* deleteAuthorization.txt in Resources */,
				F41074B5216CC02600F0987D /* myRepositories.txt in Resources */,
				F41074C1216CC02600F0987D /* repositoryTags.txt in Resources */,
				F41074A9216CC02600F0987D /* repositoryContributors.txt in Resources */,
				F41074B6216CC02600F0987D /* grants.txt in Resources */,
				F41074AB216CC02600F0987D /* search_repositories_2.txt in Resources */,
				F41074A8216CC02600F0987D /* search_repositories_3.txt in Resources */,
				F41074AA216CC02600F0987D /* developer-trending.txt in Resources */,
				F41074BE216CC02600F0987D /* zen.txt in Resources */,
				F41074BD216CC02600F0987D /* rateLimit.txt in Resources */,
				F41074C5216CC02600F0987D /* explore_collection.txt in Resources */,
				F41074B0216CC02600F0987D /* myProfile.txt in Resources */,
			);
			runOnlyForDeploymentPostprocessing = 0;
		};
/* End PBXResourcesBuildPhase section */

/* Begin PBXShellScriptBuildPhase section */
		0C477E0E636AF159A8ADBCDD /* [CP] Embed Pods Frameworks */ = {
			isa = PBXShellScriptBuildPhase;
			buildActionMask = 2147483647;
			files = (
			);
			inputPaths = (
				"${SRCROOT}/Pods/Target Support Files/Pods-Demo/Pods-Demo-frameworks.sh",
				"${BUILT_PRODUCTS_DIR}/Alamofire/Alamofire.framework",
				"${BUILT_PRODUCTS_DIR}/CocoaLumberjack/CocoaLumberjack.framework",
				"${BUILT_PRODUCTS_DIR}/GitHubKit/GitHub.framework",
				"${BUILT_PRODUCTS_DIR}/JacKit/JacKit.framework",
				"${BUILT_PRODUCTS_DIR}/Kanna/Kanna.framework",
				"${BUILT_PRODUCTS_DIR}/Moya/Moya.framework",
				"${BUILT_PRODUCTS_DIR}/Result/Result.framework",
				"${BUILT_PRODUCTS_DIR}/RxAlamofire/RxAlamofire.framework",
				"${BUILT_PRODUCTS_DIR}/RxAtomic/RxAtomic.framework",
				"${BUILT_PRODUCTS_DIR}/RxCocoa/RxCocoa.framework",
				"${BUILT_PRODUCTS_DIR}/RxSwift/RxSwift.framework",
				"${BUILT_PRODUCTS_DIR}/SSZipArchive/SSZipArchive.framework",
				"${BUILT_PRODUCTS_DIR}/Yams/Yams.framework",
			);
			name = "[CP] Embed Pods Frameworks";
			outputPaths = (
				"${TARGET_BUILD_DIR}/${FRAMEWORKS_FOLDER_PATH}/Alamofire.framework",
				"${TARGET_BUILD_DIR}/${FRAMEWORKS_FOLDER_PATH}/CocoaLumberjack.framework",
				"${TARGET_BUILD_DIR}/${FRAMEWORKS_FOLDER_PATH}/GitHub.framework",
				"${TARGET_BUILD_DIR}/${FRAMEWORKS_FOLDER_PATH}/JacKit.framework",
				"${TARGET_BUILD_DIR}/${FRAMEWORKS_FOLDER_PATH}/Kanna.framework",
				"${TARGET_BUILD_DIR}/${FRAMEWORKS_FOLDER_PATH}/Moya.framework",
				"${TARGET_BUILD_DIR}/${FRAMEWORKS_FOLDER_PATH}/Result.framework",
				"${TARGET_BUILD_DIR}/${FRAMEWORKS_FOLDER_PATH}/RxAlamofire.framework",
				"${TARGET_BUILD_DIR}/${FRAMEWORKS_FOLDER_PATH}/RxAtomic.framework",
				"${TARGET_BUILD_DIR}/${FRAMEWORKS_FOLDER_PATH}/RxCocoa.framework",
				"${TARGET_BUILD_DIR}/${FRAMEWORKS_FOLDER_PATH}/RxSwift.framework",
				"${TARGET_BUILD_DIR}/${FRAMEWORKS_FOLDER_PATH}/SSZipArchive.framework",
				"${TARGET_BUILD_DIR}/${FRAMEWORKS_FOLDER_PATH}/Yams.framework",
			);
			runOnlyForDeploymentPostprocessing = 0;
			shellPath = /bin/sh;
			shellScript = "\"${SRCROOT}/Pods/Target Support Files/Pods-Demo/Pods-Demo-frameworks.sh\"\n";
			showEnvVarsInLog = 0;
		};
		70A60B9AB59177793C6753E7 /* [CP] Embed Pods Frameworks */ = {
			isa = PBXShellScriptBuildPhase;
			buildActionMask = 2147483647;
			files = (
			);
			inputPaths = (
				"${SRCROOT}/Pods/Target Support Files/Pods-Tests/Pods-Tests-frameworks.sh",
				"${BUILT_PRODUCTS_DIR}/Alamofire/Alamofire.framework",
				"${BUILT_PRODUCTS_DIR}/CocoaLumberjack/CocoaLumberjack.framework",
				"${BUILT_PRODUCTS_DIR}/GitHubKit/GitHub.framework",
				"${BUILT_PRODUCTS_DIR}/JacKit/JacKit.framework",
				"${BUILT_PRODUCTS_DIR}/Kanna/Kanna.framework",
				"${BUILT_PRODUCTS_DIR}/Moya/Moya.framework",
				"${BUILT_PRODUCTS_DIR}/Result/Result.framework",
				"${BUILT_PRODUCTS_DIR}/RxAlamofire/RxAlamofire.framework",
				"${BUILT_PRODUCTS_DIR}/RxAtomic/RxAtomic.framework",
				"${BUILT_PRODUCTS_DIR}/RxCocoa/RxCocoa.framework",
				"${BUILT_PRODUCTS_DIR}/RxSwift/RxSwift.framework",
				"${BUILT_PRODUCTS_DIR}/SSZipArchive/SSZipArchive.framework",
				"${BUILT_PRODUCTS_DIR}/Yams/Yams.framework",
				"${BUILT_PRODUCTS_DIR}/Nimble/Nimble.framework",
				"${BUILT_PRODUCTS_DIR}/OHHTTPStubs/OHHTTPStubs.framework",
				"${BUILT_PRODUCTS_DIR}/Quick/Quick.framework",
				"${BUILT_PRODUCTS_DIR}/RxBlocking/RxBlocking.framework",
				"${BUILT_PRODUCTS_DIR}/RxNimble/RxNimble.framework",
				"${BUILT_PRODUCTS_DIR}/RxTest/RxTest.framework",
			);
			name = "[CP] Embed Pods Frameworks";
			outputPaths = (
				"${TARGET_BUILD_DIR}/${FRAMEWORKS_FOLDER_PATH}/Alamofire.framework",
				"${TARGET_BUILD_DIR}/${FRAMEWORKS_FOLDER_PATH}/CocoaLumberjack.framework",
				"${TARGET_BUILD_DIR}/${FRAMEWORKS_FOLDER_PATH}/GitHub.framework",
				"${TARGET_BUILD_DIR}/${FRAMEWORKS_FOLDER_PATH}/JacKit.framework",
				"${TARGET_BUILD_DIR}/${FRAMEWORKS_FOLDER_PATH}/Kanna.framework",
				"${TARGET_BUILD_DIR}/${FRAMEWORKS_FOLDER_PATH}/Moya.framework",
				"${TARGET_BUILD_DIR}/${FRAMEWORKS_FOLDER_PATH}/Result.framework",
				"${TARGET_BUILD_DIR}/${FRAMEWORKS_FOLDER_PATH}/RxAlamofire.framework",
				"${TARGET_BUILD_DIR}/${FRAMEWORKS_FOLDER_PATH}/RxAtomic.framework",
				"${TARGET_BUILD_DIR}/${FRAMEWORKS_FOLDER_PATH}/RxCocoa.framework",
				"${TARGET_BUILD_DIR}/${FRAMEWORKS_FOLDER_PATH}/RxSwift.framework",
				"${TARGET_BUILD_DIR}/${FRAMEWORKS_FOLDER_PATH}/SSZipArchive.framework",
				"${TARGET_BUILD_DIR}/${FRAMEWORKS_FOLDER_PATH}/Yams.framework",
				"${TARGET_BUILD_DIR}/${FRAMEWORKS_FOLDER_PATH}/Nimble.framework",
				"${TARGET_BUILD_DIR}/${FRAMEWORKS_FOLDER_PATH}/OHHTTPStubs.framework",
				"${TARGET_BUILD_DIR}/${FRAMEWORKS_FOLDER_PATH}/Quick.framework",
				"${TARGET_BUILD_DIR}/${FRAMEWORKS_FOLDER_PATH}/RxBlocking.framework",
				"${TARGET_BUILD_DIR}/${FRAMEWORKS_FOLDER_PATH}/RxNimble.framework",
				"${TARGET_BUILD_DIR}/${FRAMEWORKS_FOLDER_PATH}/RxTest.framework",
			);
			runOnlyForDeploymentPostprocessing = 0;
			shellPath = /bin/sh;
			shellScript = "\"${SRCROOT}/Pods/Target Support Files/Pods-Tests/Pods-Tests-frameworks.sh\"\n";
			showEnvVarsInLog = 0;
		};
		C9624106D63B78EBD1B22875 /* [CP] Check Pods Manifest.lock */ = {
			isa = PBXShellScriptBuildPhase;
			buildActionMask = 2147483647;
			files = (
			);
			inputPaths = (
				"${PODS_PODFILE_DIR_PATH}/Podfile.lock",
				"${PODS_ROOT}/Manifest.lock",
			);
			name = "[CP] Check Pods Manifest.lock";
			outputPaths = (
				"$(DERIVED_FILE_DIR)/Pods-Demo-checkManifestLockResult.txt",
			);
			runOnlyForDeploymentPostprocessing = 0;
			shellPath = /bin/sh;
			shellScript = "diff \"${PODS_PODFILE_DIR_PATH}/Podfile.lock\" \"${PODS_ROOT}/Manifest.lock\" > /dev/null\nif [ $? != 0 ] ; then\n    # print error to STDERR\n    echo \"error: The sandbox is not in sync with the Podfile.lock. Run 'pod install' or update your CocoaPods installation.\" >&2\n    exit 1\nfi\n# This output is used by Xcode 'outputs' to avoid re-running this script phase.\necho \"SUCCESS\" > \"${SCRIPT_OUTPUT_FILE_0}\"\n";
			showEnvVarsInLog = 0;
		};
		D08032AC5E0BB6F3D5621A8A /* [CP] Check Pods Manifest.lock */ = {
			isa = PBXShellScriptBuildPhase;
			buildActionMask = 2147483647;
			files = (
			);
			inputPaths = (
				"${PODS_PODFILE_DIR_PATH}/Podfile.lock",
				"${PODS_ROOT}/Manifest.lock",
			);
			name = "[CP] Check Pods Manifest.lock";
			outputPaths = (
				"$(DERIVED_FILE_DIR)/Pods-Tests-checkManifestLockResult.txt",
			);
			runOnlyForDeploymentPostprocessing = 0;
			shellPath = /bin/sh;
			shellScript = "diff \"${PODS_PODFILE_DIR_PATH}/Podfile.lock\" \"${PODS_ROOT}/Manifest.lock\" > /dev/null\nif [ $? != 0 ] ; then\n    # print error to STDERR\n    echo \"error: The sandbox is not in sync with the Podfile.lock. Run 'pod install' or update your CocoaPods installation.\" >&2\n    exit 1\nfi\n# This output is used by Xcode 'outputs' to avoid re-running this script phase.\necho \"SUCCESS\" > \"${SCRIPT_OUTPUT_FILE_0}\"\n";
			showEnvVarsInLog = 0;
		};
		F4EE0DB72146423D00CACB2A /* SwiftLint */ = {
			isa = PBXShellScriptBuildPhase;
			buildActionMask = 2147483647;
			files = (
			);
			inputPaths = (
			);
			name = SwiftLint;
			outputPaths = (
			);
			runOnlyForDeploymentPostprocessing = 0;
			shellPath = /bin/sh;
			shellScript = "LINTER=\"${PODS_ROOT}/SwiftLint/swiftlint\"\nlint() {\n  if which swiftlint >/dev/null; then\n    $LINTER autocorrect\n    $LINTER\n  else\n    echo \"warning: SwiftLint not installed\"\n  fi\n}\nlint\n";
		};
/* End PBXShellScriptBuildPhase section */

/* Begin PBXSourcesBuildPhase section */
		607FACCC1AFB9204008FA782 /* Sources */ = {
			isa = PBXSourcesBuildPhase;
			buildActionMask = 2147483647;
			files = (
				F4DEF580216CC5690004CF2D /* AppDelegate.swift in Sources */,
				F4DEF57C216CC5690004CF2D /* ViewController.swift in Sources */,
			);
			runOnlyForDeploymentPostprocessing = 0;
		};
		F4097CAE216C82440041C465 /* Sources */ = {
			isa = PBXSourcesBuildPhase;
			buildActionMask = 2147483647;
			files = (
				F41074A2216CC02600F0987D /* HTTPStubbing.swift in Sources */,
				F41074C9216CC02600F0987D /* AuthorizationSpec.swift in Sources */,
				F41074C8216CC02600F0987D /* GitHubExploreSpec.swift in Sources */,
				F41074CD216CC02600F0987D /* GitDataSpec.swift in Sources */,
				F41074CB216CC02600F0987D /* MiscSpec.swift in Sources */,
				F41074D1216CC02600F0987D /* Fixtures.swift in Sources */,
				F41074A1216CC02600F0987D /* GitHubLanguageSpec.swift in Sources */,
				F41074C6216CC02600F0987D /* ModelSpec.swift in Sources */,
				F41074A3216CC02600F0987D /* OHHTTPStubsExtension.swift in Sources */,
				F41074C7216CC02600F0987D /* GitHubTrendingSpec.swift in Sources */,
				F41074CC216CC02600F0987D /* SearchSpec.swift in Sources */,
				F41074CF216CC02600F0987D /* RepositorySpec.swift in Sources */,
				F41074CA216CC02600F0987D /* Credentials.swift in Sources */,
				F41074CE216CC02600F0987D /* UserSpec.swift in Sources */,
			);
			runOnlyForDeploymentPostprocessing = 0;
		};
/* End PBXSourcesBuildPhase section */

/* Begin PBXTargetDependency section */
		F4097CB8216C82440041C465 /* PBXTargetDependency */ = {
			isa = PBXTargetDependency;
			target = 607FACCF1AFB9204008FA782 /* Demo */;
			targetProxy = F4097CB7216C82440041C465 /* PBXContainerItemProxy */;
		};
/* End PBXTargetDependency section */

/* Begin PBXVariantGroup section */
		F4DEF575216CC5690004CF2D /* LaunchScreen.xib */ = {
			isa = PBXVariantGroup;
			children = (
				F4DEF576216CC5690004CF2D /* Base */,
			);
			name = LaunchScreen.xib;
			sourceTree = "<group>";
		};
		F4DEF577216CC5690004CF2D /* Main.storyboard */ = {
			isa = PBXVariantGroup;
			children = (
				F4DEF578216CC5690004CF2D /* Base */,
			);
			name = Main.storyboard;
			sourceTree = "<group>";
		};
/* End PBXVariantGroup section */

/* Begin XCBuildConfiguration section */
		607FACED1AFB9204008FA782 /* Debug */ = {
			isa = XCBuildConfiguration;
			buildSettings = {
				ALWAYS_SEARCH_USER_PATHS = NO;
				CLANG_CXX_LANGUAGE_STANDARD = "gnu++0x";
				CLANG_CXX_LIBRARY = "libc++";
				CLANG_ENABLE_CODE_COVERAGE = YES;
				CLANG_ENABLE_MODULES = YES;
				CLANG_ENABLE_OBJC_ARC = YES;
				CLANG_WARN_BLOCK_CAPTURE_AUTORELEASING = YES;
				CLANG_WARN_BOOL_CONVERSION = YES;
				CLANG_WARN_COMMA = YES;
				CLANG_WARN_CONSTANT_CONVERSION = YES;
				CLANG_WARN_DEPRECATED_OBJC_IMPLEMENTATIONS = YES;
				CLANG_WARN_DIRECT_OBJC_ISA_USAGE = YES_ERROR;
				CLANG_WARN_EMPTY_BODY = YES;
				CLANG_WARN_ENUM_CONVERSION = YES;
				CLANG_WARN_INFINITE_RECURSION = YES;
				CLANG_WARN_INT_CONVERSION = YES;
				CLANG_WARN_NON_LITERAL_NULL_CONVERSION = YES;
				CLANG_WARN_OBJC_IMPLICIT_RETAIN_SELF = YES;
				CLANG_WARN_OBJC_LITERAL_CONVERSION = YES;
				CLANG_WARN_OBJC_ROOT_CLASS = YES_ERROR;
				CLANG_WARN_RANGE_LOOP_ANALYSIS = YES;
				CLANG_WARN_STRICT_PROTOTYPES = YES;
				CLANG_WARN_SUSPICIOUS_MOVE = YES;
				CLANG_WARN_UNREACHABLE_CODE = YES;
				CLANG_WARN__DUPLICATE_METHOD_MATCH = YES;
				"CODE_SIGN_IDENTITY[sdk=iphoneos*]" = "iPhone Developer";
				COPY_PHASE_STRIP = NO;
				DEBUG_INFORMATION_FORMAT = "dwarf-with-dsym";
				ENABLE_STRICT_OBJC_MSGSEND = YES;
				ENABLE_TESTABILITY = YES;
				GCC_C_LANGUAGE_STANDARD = gnu99;
				GCC_DYNAMIC_NO_PIC = NO;
				GCC_NO_COMMON_BLOCKS = YES;
				GCC_OPTIMIZATION_LEVEL = 0;
				GCC_PREPROCESSOR_DEFINITIONS = (
					"DEBUG=1",
					"$(inherited)",
				);
				GCC_SYMBOLS_PRIVATE_EXTERN = NO;
				GCC_WARN_64_TO_32_BIT_CONVERSION = YES;
				GCC_WARN_ABOUT_RETURN_TYPE = YES_ERROR;
				GCC_WARN_UNDECLARED_SELECTOR = YES;
				GCC_WARN_UNINITIALIZED_AUTOS = YES_AGGRESSIVE;
				GCC_WARN_UNUSED_FUNCTION = YES;
				GCC_WARN_UNUSED_VARIABLE = YES;
				IPHONEOS_DEPLOYMENT_TARGET = 9.3;
				MTL_ENABLE_DEBUG_INFO = YES;
				ONLY_ACTIVE_ARCH = YES;
				SDKROOT = iphoneos;
				SWIFT_OPTIMIZATION_LEVEL = "-Onone";
			};
			name = Debug;
		};
		607FACEE1AFB9204008FA782 /* Release */ = {
			isa = XCBuildConfiguration;
			buildSettings = {
				ALWAYS_SEARCH_USER_PATHS = NO;
				CLANG_CXX_LANGUAGE_STANDARD = "gnu++0x";
				CLANG_CXX_LIBRARY = "libc++";
				CLANG_ENABLE_CODE_COVERAGE = YES;
				CLANG_ENABLE_MODULES = YES;
				CLANG_ENABLE_OBJC_ARC = YES;
				CLANG_WARN_BLOCK_CAPTURE_AUTORELEASING = YES;
				CLANG_WARN_BOOL_CONVERSION = YES;
				CLANG_WARN_COMMA = YES;
				CLANG_WARN_CONSTANT_CONVERSION = YES;
				CLANG_WARN_DEPRECATED_OBJC_IMPLEMENTATIONS = YES;
				CLANG_WARN_DIRECT_OBJC_ISA_USAGE = YES_ERROR;
				CLANG_WARN_EMPTY_BODY = YES;
				CLANG_WARN_ENUM_CONVERSION = YES;
				CLANG_WARN_INFINITE_RECURSION = YES;
				CLANG_WARN_INT_CONVERSION = YES;
				CLANG_WARN_NON_LITERAL_NULL_CONVERSION = YES;
				CLANG_WARN_OBJC_IMPLICIT_RETAIN_SELF = YES;
				CLANG_WARN_OBJC_LITERAL_CONVERSION = YES;
				CLANG_WARN_OBJC_ROOT_CLASS = YES_ERROR;
				CLANG_WARN_RANGE_LOOP_ANALYSIS = YES;
				CLANG_WARN_STRICT_PROTOTYPES = YES;
				CLANG_WARN_SUSPICIOUS_MOVE = YES;
				CLANG_WARN_UNREACHABLE_CODE = YES;
				CLANG_WARN__DUPLICATE_METHOD_MATCH = YES;
				"CODE_SIGN_IDENTITY[sdk=iphoneos*]" = "iPhone Developer";
				COPY_PHASE_STRIP = NO;
				DEBUG_INFORMATION_FORMAT = "dwarf-with-dsym";
				ENABLE_NS_ASSERTIONS = NO;
				ENABLE_STRICT_OBJC_MSGSEND = YES;
				GCC_C_LANGUAGE_STANDARD = gnu99;
				GCC_NO_COMMON_BLOCKS = YES;
				GCC_WARN_64_TO_32_BIT_CONVERSION = YES;
				GCC_WARN_ABOUT_RETURN_TYPE = YES_ERROR;
				GCC_WARN_UNDECLARED_SELECTOR = YES;
				GCC_WARN_UNINITIALIZED_AUTOS = YES_AGGRESSIVE;
				GCC_WARN_UNUSED_FUNCTION = YES;
				GCC_WARN_UNUSED_VARIABLE = YES;
				IPHONEOS_DEPLOYMENT_TARGET = 9.3;
				MTL_ENABLE_DEBUG_INFO = NO;
				SDKROOT = iphoneos;
				SWIFT_OPTIMIZATION_LEVEL = "-Owholemodule";
				VALIDATE_PRODUCT = YES;
			};
			name = Release;
		};
		607FACF01AFB9204008FA782 /* Debug */ = {
			isa = XCBuildConfiguration;
			baseConfigurationReference = FE4D4C67040103F646308157 /* Pods-Demo.debug.xcconfig */;
			buildSettings = {
				ASSETCATALOG_COMPILER_APPICON_NAME = AppIcon;
				CODE_SIGN_IDENTITY = "iPhone Developer";
				DEVELOPMENT_TEAM = YSQ5ZCLFSD;
				INFOPLIST_FILE = "$(SRCROOT)/Demo/Info.plist";
				IPHONEOS_DEPLOYMENT_TARGET = 11.4;
				LD_RUNPATH_SEARCH_PATHS = "$(inherited) @executable_path/Frameworks";
				MODULE_NAME = ExampleApp;
				PRODUCT_BUNDLE_IDENTIFIER = io.github.mudox.GitHubKit;
				PRODUCT_NAME = "$(TARGET_NAME)";
				SWIFT_SWIFT3_OBJC_INFERENCE = Default;
				SWIFT_VERSION = 4.0;
			};
			name = Debug;
		};
		607FACF11AFB9204008FA782 /* Release */ = {
			isa = XCBuildConfiguration;
			baseConfigurationReference = 0A891A7A887F51E087B21CF8 /* Pods-Demo.release.xcconfig */;
			buildSettings = {
				ASSETCATALOG_COMPILER_APPICON_NAME = AppIcon;
				CODE_SIGN_IDENTITY = "iPhone Developer";
				DEVELOPMENT_TEAM = YSQ5ZCLFSD;
				INFOPLIST_FILE = "$(SRCROOT)/Demo/Info.plist";
				IPHONEOS_DEPLOYMENT_TARGET = 11.4;
				LD_RUNPATH_SEARCH_PATHS = "$(inherited) @executable_path/Frameworks";
				MODULE_NAME = ExampleApp;
				PRODUCT_BUNDLE_IDENTIFIER = io.github.mudox.GitHubKit;
				PRODUCT_NAME = "$(TARGET_NAME)";
				SWIFT_SWIFT3_OBJC_INFERENCE = Default;
				SWIFT_VERSION = 4.0;
			};
			name = Release;
		};
		F4097CB9216C82440041C465 /* Debug */ = {
			isa = XCBuildConfiguration;
			baseConfigurationReference = 99CE9120502B0C0B5FF0ADD9 /* Pods-Tests.debug.xcconfig */;
			buildSettings = {
				BUNDLE_LOADER = "$(TEST_HOST)";
				CLANG_ANALYZER_NONNULL = YES;
				CLANG_ANALYZER_NUMBER_OBJECT_CONVERSION = YES_AGGRESSIVE;
				CLANG_CXX_LANGUAGE_STANDARD = "gnu++14";
				CLANG_ENABLE_OBJC_WEAK = YES;
				CLANG_WARN_DOCUMENTATION_COMMENTS = YES;
				CLANG_WARN_UNGUARDED_AVAILABILITY = YES_AGGRESSIVE;
				CODE_SIGN_IDENTITY = "iPhone Developer";
				CODE_SIGN_STYLE = Automatic;
				DEBUG_INFORMATION_FORMAT = dwarf;
				DEVELOPMENT_TEAM = YSQ5ZCLFSD;
				GCC_C_LANGUAGE_STANDARD = gnu11;
				INFOPLIST_FILE = Tests/Info.plist;
				IPHONEOS_DEPLOYMENT_TARGET = 12.0;
				LD_RUNPATH_SEARCH_PATHS = "$(inherited) @executable_path/Frameworks @loader_path/Frameworks";
				MTL_ENABLE_DEBUG_INFO = INCLUDE_SOURCE;
				MTL_FAST_MATH = YES;
				PRODUCT_BUNDLE_IDENTIFIER = io.github.mudox.GitHubKit.Tests;
				PRODUCT_NAME = "$(TARGET_NAME)";
				SWIFT_ACTIVE_COMPILATION_CONDITIONS = DEBUG;
				SWIFT_VERSION = 4.0;
				TARGETED_DEVICE_FAMILY = "1,2";
				TEST_HOST = "$(BUILT_PRODUCTS_DIR)/Demo.app/Demo";
			};
			name = Debug;
		};
		F4097CBA216C82440041C465 /* Release */ = {
			isa = XCBuildConfiguration;
			baseConfigurationReference = 802CAEF8C4DCA84A7D85A094 /* Pods-Tests.release.xcconfig */;
			buildSettings = {
				BUNDLE_LOADER = "$(TEST_HOST)";
				CLANG_ANALYZER_NONNULL = YES;
				CLANG_ANALYZER_NUMBER_OBJECT_CONVERSION = YES_AGGRESSIVE;
				CLANG_CXX_LANGUAGE_STANDARD = "gnu++14";
				CLANG_ENABLE_OBJC_WEAK = YES;
				CLANG_WARN_DOCUMENTATION_COMMENTS = YES;
				CLANG_WARN_UNGUARDED_AVAILABILITY = YES_AGGRESSIVE;
				CODE_SIGN_IDENTITY = "iPhone Developer";
				CODE_SIGN_STYLE = Automatic;
				DEVELOPMENT_TEAM = YSQ5ZCLFSD;
				GCC_C_LANGUAGE_STANDARD = gnu11;
				INFOPLIST_FILE = Tests/Info.plist;
				IPHONEOS_DEPLOYMENT_TARGET = 12.0;
				LD_RUNPATH_SEARCH_PATHS = "$(inherited) @executable_path/Frameworks @loader_path/Frameworks";
				MTL_FAST_MATH = YES;
				PRODUCT_BUNDLE_IDENTIFIER = io.github.mudox.GitHubKit.Tests;
				PRODUCT_NAME = "$(TARGET_NAME)";
				SWIFT_VERSION = 4.0;
				TARGETED_DEVICE_FAMILY = "1,2";
				TEST_HOST = "$(BUILT_PRODUCTS_DIR)/Demo.app/Demo";
			};
			name = Release;
		};
/* End XCBuildConfiguration section */

/* Begin XCConfigurationList section */
		607FACCB1AFB9204008FA782 /* Build configuration list for PBXProject "GitHubKit" */ = {
			isa = XCConfigurationList;
			buildConfigurations = (
				607FACED1AFB9204008FA782 /* Debug */,
				607FACEE1AFB9204008FA782 /* Release */,
			);
			defaultConfigurationIsVisible = 0;
			defaultConfigurationName = Release;
		};
		607FACEF1AFB9204008FA782 /* Build configuration list for PBXNativeTarget "Demo" */ = {
			isa = XCConfigurationList;
			buildConfigurations = (
				607FACF01AFB9204008FA782 /* Debug */,
				607FACF11AFB9204008FA782 /* Release */,
			);
			defaultConfigurationIsVisible = 0;
			defaultConfigurationName = Release;
		};
		F4097CBB216C82440041C465 /* Build configuration list for PBXNativeTarget "Tests" */ = {
			isa = XCConfigurationList;
			buildConfigurations = (
				F4097CB9216C82440041C465 /* Debug */,
				F4097CBA216C82440041C465 /* Release */,
			);
			defaultConfigurationIsVisible = 0;
			defaultConfigurationName = Release;
		};
/* End XCConfigurationList section */
	};
	rootObject = 607FACC81AFB9204008FA782 /* Project object */;
}
